// !$*UTF8*$!
{
	archiveVersion = 1;
	classes = {
	};
	objectVersion = 50;
	objects = {

/* Begin PBXBuildFile section */
		9C0802E2251E2FD700442E66 /* AppDelegate.swift in Sources */ = {isa = PBXBuildFile; fileRef = 9C0802E1251E2FD700442E66 /* AppDelegate.swift */; };
		9C0802E4251E2FD700442E66 /* SceneDelegate.swift in Sources */ = {isa = PBXBuildFile; fileRef = 9C0802E3251E2FD700442E66 /* SceneDelegate.swift */; };
		9C0802E6251E2FD700442E66 /* ViewController.swift in Sources */ = {isa = PBXBuildFile; fileRef = 9C0802E5251E2FD700442E66 /* ViewController.swift */; };
		9C0802E9251E2FD700442E66 /* Main.storyboard in Resources */ = {isa = PBXBuildFile; fileRef = 9C0802E7251E2FD700442E66 /* Main.storyboard */; };
		9C0802EB251E2FDB00442E66 /* Assets.xcassets in Resources */ = {isa = PBXBuildFile; fileRef = 9C0802EA251E2FDB00442E66 /* Assets.xcassets */; };
		9C0802EE251E2FDB00442E66 /* LaunchScreen.storyboard in Resources */ = {isa = PBXBuildFile; fileRef = 9C0802EC251E2FDB00442E66 /* LaunchScreen.storyboard */; };
		9C0802F7251E319300442E66 /* 147.png in Resources */ = {isa = PBXBuildFile; fileRef = 9C0802F6251E319300442E66 /* 147.png */; };
/* End PBXBuildFile section */

/* Begin PBXFileReference section */
		9C0802DE251E2FD700442E66 /* 09_25_Review_Tableview.app */ = {isa = PBXFileReference; explicitFileType = wrapper.application; includeInIndex = 0; path = 09_25_Review_Tableview.app; sourceTree = BUILT_PRODUCTS_DIR; };
		9C0802E1251E2FD700442E66 /* AppDelegate.swift */ = {isa = PBXFileReference; lastKnownFileType = sourcecode.swift; path = AppDelegate.swift; sourceTree = "<group>"; };
		9C0802E3251E2FD700442E66 /* SceneDelegate.swift */ = {isa = PBXFileReference; lastKnownFileType = sourcecode.swift; path = SceneDelegate.swift; sourceTree = "<group>"; };
		9C0802E5251E2FD700442E66 /* ViewController.swift */ = {isa = PBXFileReference; lastKnownFileType = sourcecode.swift; path = ViewController.swift; sourceTree = "<group>"; };
		9C0802E8251E2FD700442E66 /* Base */ = {isa = PBXFileReference; lastKnownFileType = file.storyboard; name = Base; path = Base.lproj/Main.storyboard; sourceTree = "<group>"; };
		9C0802EA251E2FDB00442E66 /* Assets.xcassets */ = {isa = PBXFileReference; lastKnownFileType = folder.assetcatalog; path = Assets.xcassets; sourceTree = "<group>"; };
		9C0802ED251E2FDB00442E66 /* Base */ = {isa = PBXFileReference; lastKnownFileType = file.storyboard; name = Base; path = Base.lproj/LaunchScreen.storyboard; sourceTree = "<group>"; };
		9C0802EF251E2FDB00442E66 /* Info.plist */ = {isa = PBXFileReference; lastKnownFileType = text.plist.xml; path = Info.plist; sourceTree = "<group>"; };
		9C0802F6251E319300442E66 /* 147.png */ = {isa = PBXFileReference; lastKnownFileType = image.png; path = 147.png; sourceTree = "<group>"; };
/* End PBXFileReference section */

/* Begin PBXFrameworksBuildPhase section */
		9C0802DB251E2FD700442E66 /* Frameworks */ = {
			isa = PBXFrameworksBuildPhase;
			buildActionMask = 2147483647;
			files = (
			);
			runOnlyForDeploymentPostprocessing = 0;
		};
/* End PBXFrameworksBuildPhase section */

/* Begin PBXGroup section */
		9C0802D5251E2FD700442E66 = {
			isa = PBXGroup;
			children = (
				9C0802E0251E2FD700442E66 /* 09_25_Review_Tableview */,
				9C0802DF251E2FD700442E66 /* Products */,
			);
			sourceTree = "<group>";
		};
		9C0802DF251E2FD700442E66 /* Products */ = {
			isa = PBXGroup;
			children = (
				9C0802DE251E2FD700442E66 /* 09_25_Review_Tableview.app */,
			);
			name = Products;
			sourceTree = "<group>";
		};
		9C0802E0251E2FD700442E66 /* 09_25_Review_Tableview */ = {
			isa = PBXGroup;
			children = (
				9C0802E1251E2FD700442E66 /* AppDelegate.swift */,
				9C0802E3251E2FD700442E66 /* SceneDelegate.swift */,
				9C0802E5251E2FD700442E66 /* ViewController.swift */,
				9C0802E7251E2FD700442E66 /* Main.storyboard */,
				9C0802F6251E319300442E66 /* 147.png */,
				9C0802EA251E2FDB00442E66 /* Assets.xcassets */,
				9C0802EC251E2FDB00442E66 /* LaunchScreen.storyboard */,
				9C0802EF251E2FDB00442E66 /* Info.plist */,
			);
			path = 09_25_Review_Tableview;
			sourceTree = "<group>";
		};
/* End PBXGroup section */

/* Begin PBXNativeTarget section */
		9C0802DD251E2FD700442E66 /* 09_25_Review_Tableview */ = {
			isa = PBXNativeTarget;
			buildConfigurationList = 9C0802F2251E2FDB00442E66 /* Build configuration list for PBXNativeTarget "09_25_Review_Tableview" */;
			buildPhases = (
				9C0802DA251E2FD700442E66 /* Sources */,
				9C0802DB251E2FD700442E66 /* Frameworks */,
				9C0802DC251E2FD700442E66 /* Resources */,
			);
			buildRules = (
			);
			dependencies = (
			);
			name = 09_25_Review_Tableview;
			productName = 09_25_Review_Tableview;
			productReference = 9C0802DE251E2FD700442E66 /* 09_25_Review_Tableview.app */;
			productType = "com.apple.product-type.application";
		};
/* End PBXNativeTarget section */

/* Begin PBXProject section */
		9C0802D6251E2FD700442E66 /* Project object */ = {
			isa = PBXProject;
			attributes = {
				LastSwiftUpdateCheck = 1200;
				LastUpgradeCheck = 1200;
				TargetAttributes = {
					9C0802DD251E2FD700442E66 = {
						CreatedOnToolsVersion = 12.0;
					};
				};
			};
			buildConfigurationList = 9C0802D9251E2FD700442E66 /* Build configuration list for PBXProject "09_25_Review_Tableview" */;
			compatibilityVersion = "Xcode 9.3";
			developmentRegion = en;
			hasScannedForEncodings = 0;
			knownRegions = (
				en,
				Base,
			);
			mainGroup = 9C0802D5251E2FD700442E66;
			productRefGroup = 9C0802DF251E2FD700442E66 /* Products */;
			projectDirPath = "";
			projectRoot = "";
			targets = (
				9C0802DD251E2FD700442E66 /* 09_25_Review_Tableview */,
			);
		};
/* End PBXProject section */

/* Begin PBXResourcesBuildPhase section */
		9C0802DC251E2FD700442E66 /* Resources */ = {
			isa = PBXResourcesBuildPhase;
			buildActionMask = 2147483647;
			files = (
				9C0802EE251E2FDB00442E66 /* LaunchScreen.storyboard in Resources */,
				9C0802EB251E2FDB00442E66 /* Assets.xcassets in Resources */,
				9C0802F7251E319300442E66 /* 147.png in Resources */,
				9C0802E9251E2FD700442E66 /* Main.storyboard in Resources */,
			);
			runOnlyForDeploymentPostprocessing = 0;
		};
/* End PBXResourcesBuildPhase section */

/* Begin PBXSourcesBuildPhase section */
		9C0802DA251E2FD700442E66 /* Sources */ = {
			isa = PBXSourcesBuildPhase;
			buildActionMask = 2147483647;
			files = (
				9C0802E6251E2FD700442E66 /* ViewController.swift in Sources */,
				9C0802E2251E2FD700442E66 /* AppDelegate.swift in Sources */,
				9C0802E4251E2FD700442E66 /* SceneDelegate.swift in Sources */,
			);
			runOnlyForDeploymentPostprocessing = 0;
		};
/* End PBXSourcesBuildPhase section */

/* Begin PBXVariantGroup section */
		9C0802E7251E2FD700442E66 /* Main.storyboard */ = {
			isa = PBXVariantGroup;
			children = (
				9C0802E8251E2FD700442E66 /* Base */,
			);
			name = Main.storyboard;
			sourceTree = "<group>";
		};
		9C0802EC251E2FDB00442E66 /* LaunchScreen.storyboard */ = {
			isa = PBXVariantGroup;
			children = (
				9C0802ED251E2FDB00442E66 /* Base */,
			);
			name = LaunchScreen.storyboard;
			sourceTree = "<group>";
		};
/* End PBXVariantGroup section */

/* Begin XCBuildConfiguration section */
		9C0802F0251E2FDB00442E66 /* Debug */ = {
			isa = XCBuildConfiguration;
			buildSettings = {
				ALWAYS_SEARCH_USER_PATHS = NO;
				CLANG_ANALYZER_NONNULL = YES;
				CLANG_ANALYZER_NUMBER_OBJECT_CONVERSION = YES_AGGRESSIVE;
				CLANG_CXX_LANGUAGE_STANDARD = "gnu++14";
				CLANG_CXX_LIBRARY = "libc++";
				CLANG_ENABLE_MODULES = YES;
				CLANG_ENABLE_OBJC_ARC = YES;
				CLANG_ENABLE_OBJC_WEAK = YES;
				CLANG_WARN_BLOCK_CAPTURE_AUTORELEASING = YES;
				CLANG_WARN_BOOL_CONVERSION = YES;
				CLANG_WARN_COMMA = YES;
				CLANG_WARN_CONSTANT_CONVERSION = YES;
				CLANG_WARN_DEPRECATED_OBJC_IMPLEMENTATIONS = YES;
				CLANG_WARN_DIRECT_OBJC_ISA_USAGE = YES_ERROR;
				CLANG_WARN_DOCUMENTATION_COMMENTS = YES;
				CLANG_WARN_EMPTY_BODY = YES;
				CLANG_WARN_ENUM_CONVERSION = YES;
				CLANG_WARN_INFINITE_RECURSION = YES;
				CLANG_WARN_INT_CONVERSION = YES;
				CLANG_WARN_NON_LITERAL_NULL_CONVERSION = YES;
				CLANG_WARN_OBJC_IMPLICIT_RETAIN_SELF = YES;
				CLANG_WARN_OBJC_LITERAL_CONVERSION = YES;
				CLANG_WARN_OBJC_ROOT_CLASS = YES_ERROR;
				CLANG_WARN_QUOTED_INCLUDE_IN_FRAMEWORK_HEADER = YES;
				CLANG_WARN_RANGE_LOOP_ANALYSIS = YES;
				CLANG_WARN_STRICT_PROTOTYPES = YES;
				CLANG_WARN_SUSPICIOUS_MOVE = YES;
				CLANG_WARN_UNGUARDED_AVAILABILITY = YES_AGGRESSIVE;
				CLANG_WARN_UNREACHABLE_CODE = YES;
				CLANG_WARN__DUPLICATE_METHOD_MATCH = YES;
				COPY_PHASE_STRIP = NO;
				DEBUG_INFORMATION_FORMAT = dwarf;
				ENABLE_STRICT_OBJC_MSGSEND = YES;
				ENABLE_TESTABILITY = YES;
				GCC_C_LANGUAGE_STANDARD = gnu11;
				GCC_DYNAMIC_NO_PIC = NO;
				GCC_NO_COMMON_BLOCKS = YES;
				GCC_OPTIMIZATION_LEVEL = 0;
				GCC_PREPROCESSOR_DEFINITIONS = (
					"DEBUG=1",
					"$(inherited)",
				);
				GCC_WARN_64_TO_32_BIT_CONVERSION = YES;
				GCC_WARN_ABOUT_RETURN_TYPE = YES_ERROR;
				GCC_WARN_UNDECLARED_SELECTOR = YES;
				GCC_WARN_UNINITIALIZED_AUTOS = YES_AGGRESSIVE;
				GCC_WARN_UNUSED_FUNCTION = YES;
				GCC_WARN_UNUSED_VARIABLE = YES;
				IPHONEOS_DEPLOYMENT_TARGET = 14.0;
				MTL_ENABLE_DEBUG_INFO = INCLUDE_SOURCE;
				MTL_FAST_MATH = YES;
				ONLY_ACTIVE_ARCH = YES;
				SDKROOT = iphoneos;
				SWIFT_ACTIVE_COMPILATION_CONDITIONS = DEBUG;
				SWIFT_OPTIMIZATION_LEVEL = "-Onone";
			};
			name = Debug;
		};
		9C0802F1251E2FDB00442E66 /* Release */ = {
			isa = XCBuildConfiguration;
			buildSettings = {
				ALWAYS_SEARCH_USER_PATHS = NO;
				CLANG_ANALYZER_NONNULL = YES;
				CLANG_ANALYZER_NUMBER_OBJECT_CONVERSION = YES_AGGRESSIVE;
				CLANG_CXX_LANGUAGE_STANDARD = "gnu++14";
				CLANG_CXX_LIBRARY = "libc++";
				CLANG_ENABLE_MODULES = YES;
				CLANG_ENABLE_OBJC_ARC = YES;
				CLANG_ENABLE_OBJC_WEAK = YES;
				CLANG_WARN_BLOCK_CAPTURE_AUTORELEASING = YES;
				CLANG_WARN_BOOL_CONVERSION = YES;
				CLANG_WARN_COMMA = YES;
				CLANG_WARN_CONSTANT_CONVERSION = YES;
				CLANG_WARN_DEPRECATED_OBJC_IMPLEMENTATIONS = YES;
				CLANG_WARN_DIRECT_OBJC_ISA_USAGE = YES_ERROR;
				CLANG_WARN_DOCUMENTATION_COMMENTS = YES;
				CLANG_WARN_EMPTY_BODY = YES;
				CLANG_WARN_ENUM_CONVERSION = YES;
				CLANG_WARN_INFINITE_RECURSION = YES;
				CLANG_WARN_INT_CONVERSION = YES;
				CLANG_WARN_NON_LITERAL_NULL_CONVERSION = YES;
				CLANG_WARN_OBJC_IMPLICIT_RETAIN_SELF = YES;
				CLANG_WARN_OBJC_LITERAL_CONVERSION = YES;
				CLANG_WARN_OBJC_ROOT_CLASS = YES_ERROR;
				CLANG_WARN_QUOTED_INCLUDE_IN_FRAMEWORK_HEADER = YES;
				CLANG_WARN_RANGE_LOOP_ANALYSIS = YES;
				CLANG_WARN_STRICT_PROTOTYPES = YES;
				CLANG_WARN_SUSPICIOUS_MOVE = YES;
				CLANG_WARN_UNGUARDED_AVAILABILITY = YES_AGGRESSIVE;
				CLANG_WARN_UNREACHABLE_CODE = YES;
				CLANG_WARN__DUPLICATE_METHOD_MATCH = YES;
				COPY_PHASE_STRIP = NO;
				DEBUG_INFORMATION_FORMAT = "dwarf-with-dsym";
				ENABLE_NS_ASSERTIONS = NO;
				ENABLE_STRICT_OBJC_MSGSEND = YES;
				GCC_C_LANGUAGE_STANDARD = gnu11;
				GCC_NO_COMMON_BLOCKS = YES;
				GCC_WARN_64_TO_32_BIT_CONVERSION = YES;
				GCC_WARN_ABOUT_RETURN_TYPE = YES_ERROR;
				GCC_WARN_UNDECLARED_SELECTOR = YES;
				GCC_WARN_UNINITIALIZED_AUTOS = YES_AGGRESSIVE;
				GCC_WARN_UNUSED_FUNCTION = YES;
				GCC_WARN_UNUSED_VARIABLE = YES;
				IPHONEOS_DEPLOYMENT_TARGET = 14.0;
				MTL_ENABLE_DEBUG_INFO = NO;
				MTL_FAST_MATH = YES;
				SDKROOT = iphoneos;
				SWIFT_COMPILATION_MODE = wholemodule;
				SWIFT_OPTIMIZATION_LEVEL = "-O";
				VALIDATE_PRODUCT = YES;
			};
			name = Release;
		};
		9C0802F3251E2FDB00442E66 /* Debug */ = {
			isa = XCBuildConfiguration;
			buildSettings = {
				ASSETCATALOG_COMPILER_APPICON_NAME = AppIcon;
				ASSETCATALOG_COMPILER_GLOBAL_ACCENT_COLOR_NAME = AccentColor;
				CODE_SIGN_STYLE = Automatic;
				DEVELOPMENT_TEAM = HQKT5G7NHC;
				INFOPLIST_FILE = 09_25_Review_Tableview/Info.plist;
				LD_RUNPATH_SEARCH_PATHS = (
					"$(inherited)",
					"@executable_path/Frameworks",
				);
				PRODUCT_BUNDLE_IDENTIFIER = "com.nam.-9-25-Review-Tableview";
				PRODUCT_NAME = "$(TARGET_NAME)";
				SWIFT_VERSION = 5.0;
				TARGETED_DEVICE_FAMILY = "1,2";
			};
			name = Debug;
		};
		9C0802F4251E2FDB00442E66 /* Release */ = {
			isa = XCBuildConfiguration;
			buildSettings = {
				ASSETCATALOG_COMPILER_APPICON_NAME = AppIcon;
				ASSETCATALOG_COMPILER_GLOBAL_ACCENT_COLOR_NAME = AccentColor;
				CODE_SIGN_STYLE = Automatic;
				DEVELOPMENT_TEAM = HQKT5G7NHC;
				INFOPLIST_FILE = 09_25_Review_Tableview/Info.plist;
				LD_RUNPATH_SEARCH_PATHS = (
					"$(inherited)",
					"@executable_path/Frameworks",
				);
				PRODUCT_BUNDLE_IDENTIFIER = "com.nam.-9-25-Review-Tableview";
				PRODUCT_NAME = "$(TARGET_NAME)";
				SWIFT_VERSION = 5.0;
				TARGETED_DEVICE_FAMILY = "1,2";
			};
			name = Release;
		};
/* End XCBuildConfiguration section */

/* Begin XCConfigurationList section */
		9C0802D9251E2FD700442E66 /* Build configuration list for PBXProject "09_25_Review_Tableview" */ = {
			isa = XCConfigurationList;
			buildConfigurations = (
				9C0802F0251E2FDB00442E66 /* Debug */,
				9C0802F1251E2FDB00442E66 /* Release */,
			);
			defaultConfigurationIsVisible = 0;
			defaultConfigurationName = Release;
		};
		9C0802F2251E2FDB00442E66 /* Build configuration list for PBXNativeTarget "09_25_Review_Tableview" */ = {
			isa = XCConfigurationList;
			buildConfigurations = (
				9C0802F3251E2FDB00442E66 /* Debug */,
				9C0802F4251E2FDB00442E66 /* Release */,
			);
			defaultConfigurationIsVisible = 0;
			defaultConfigurationName = Release;
		};
/* End XCConfigurationList section */
	};
	rootObject = 9C0802D6251E2FD700442E66 /* Project object */;
}
