// !$*UTF8*$!
{
	archiveVersion = 1;
	classes = {
	};
	objectVersion = 50;
	objects = {

/* Begin PBXBuildFile section */
		9CAFB7B72546F95000C4B620 /* AppDelegate.swift in Sources */ = {isa = PBXBuildFile; fileRef = 9CAFB7B62546F95000C4B620 /* AppDelegate.swift */; };
		9CAFB7B92546F95000C4B620 /* SceneDelegate.swift in Sources */ = {isa = PBXBuildFile; fileRef = 9CAFB7B82546F95000C4B620 /* SceneDelegate.swift */; };
		9CAFB7BB2546F95000C4B620 /* ViewController.swift in Sources */ = {isa = PBXBuildFile; fileRef = 9CAFB7BA2546F95000C4B620 /* ViewController.swift */; };
		9CAFB7BE2546F95000C4B620 /* Main.storyboard in Resources */ = {isa = PBXBuildFile; fileRef = 9CAFB7BC2546F95000C4B620 /* Main.storyboard */; };
		9CAFB7C02546F95200C4B620 /* Assets.xcassets in Resources */ = {isa = PBXBuildFile; fileRef = 9CAFB7BF2546F95200C4B620 /* Assets.xcassets */; };
		9CAFB7C32546F95200C4B620 /* LaunchScreen.storyboard in Resources */ = {isa = PBXBuildFile; fileRef = 9CAFB7C12546F95200C4B620 /* LaunchScreen.storyboard */; };
		9CAFB7CD2546F99200C4B620 /* CarDetail.storyboard in Resources */ = {isa = PBXBuildFile; fileRef = 9CAFB7CC2546F99200C4B620 /* CarDetail.storyboard */; };
		9CAFB7D02546FB5600C4B620 /* CarDetailViewController.swift in Sources */ = {isa = PBXBuildFile; fileRef = 9CAFB7CF2546FB5600C4B620 /* CarDetailViewController.swift */; };
/* End PBXBuildFile section */

/* Begin PBXFileReference section */
		9CAFB7B32546F95000C4B620 /* 10_26_Tabbar.app */ = {isa = PBXFileReference; explicitFileType = wrapper.application; includeInIndex = 0; path = 10_26_Tabbar.app; sourceTree = BUILT_PRODUCTS_DIR; };
		9CAFB7B62546F95000C4B620 /* AppDelegate.swift */ = {isa = PBXFileReference; lastKnownFileType = sourcecode.swift; path = AppDelegate.swift; sourceTree = "<group>"; };
		9CAFB7B82546F95000C4B620 /* SceneDelegate.swift */ = {isa = PBXFileReference; lastKnownFileType = sourcecode.swift; path = SceneDelegate.swift; sourceTree = "<group>"; };
		9CAFB7BA2546F95000C4B620 /* ViewController.swift */ = {isa = PBXFileReference; lastKnownFileType = sourcecode.swift; path = ViewController.swift; sourceTree = "<group>"; };
		9CAFB7BD2546F95000C4B620 /* Base */ = {isa = PBXFileReference; lastKnownFileType = file.storyboard; name = Base; path = Base.lproj/Main.storyboard; sourceTree = "<group>"; };
		9CAFB7BF2546F95200C4B620 /* Assets.xcassets */ = {isa = PBXFileReference; lastKnownFileType = folder.assetcatalog; path = Assets.xcassets; sourceTree = "<group>"; };
		9CAFB7C22546F95200C4B620 /* Base */ = {isa = PBXFileReference; lastKnownFileType = file.storyboard; name = Base; path = Base.lproj/LaunchScreen.storyboard; sourceTree = "<group>"; };
		9CAFB7C42546F95200C4B620 /* Info.plist */ = {isa = PBXFileReference; lastKnownFileType = text.plist.xml; path = Info.plist; sourceTree = "<group>"; };
		9CAFB7CC2546F99200C4B620 /* CarDetail.storyboard */ = {isa = PBXFileReference; lastKnownFileType = file.storyboard; path = CarDetail.storyboard; sourceTree = "<group>"; };
		9CAFB7CF2546FB5600C4B620 /* CarDetailViewController.swift */ = {isa = PBXFileReference; lastKnownFileType = sourcecode.swift; path = CarDetailViewController.swift; sourceTree = "<group>"; };
/* End PBXFileReference section */

/* Begin PBXFrameworksBuildPhase section */
		9CAFB7B02546F95000C4B620 /* Frameworks */ = {
			isa = PBXFrameworksBuildPhase;
			buildActionMask = 2147483647;
			files = (
			);
			runOnlyForDeploymentPostprocessing = 0;
		};
/* End PBXFrameworksBuildPhase section */

/* Begin PBXGroup section */
		9CAFB7AA2546F94F00C4B620 = {
			isa = PBXGroup;
			children = (
				9CAFB7B52546F95000C4B620 /* 10_26_Tabbar */,
				9CAFB7B42546F95000C4B620 /* Products */,
			);
			sourceTree = "<group>";
		};
		9CAFB7B42546F95000C4B620 /* Products */ = {
			isa = PBXGroup;
			children = (
				9CAFB7B32546F95000C4B620 /* 10_26_Tabbar.app */,
			);
			name = Products;
			sourceTree = "<group>";
		};
		9CAFB7B52546F95000C4B620 /* 10_26_Tabbar */ = {
			isa = PBXGroup;
			children = (
				9CAFB7CB2546F98300C4B620 /* CarDetail */,
				9CAFB7B62546F95000C4B620 /* AppDelegate.swift */,
				9CAFB7B82546F95000C4B620 /* SceneDelegate.swift */,
				9CAFB7BA2546F95000C4B620 /* ViewController.swift */,
				9CAFB7BC2546F95000C4B620 /* Main.storyboard */,
				9CAFB7BF2546F95200C4B620 /* Assets.xcassets */,
				9CAFB7C12546F95200C4B620 /* LaunchScreen.storyboard */,
				9CAFB7C42546F95200C4B620 /* Info.plist */,
			);
			path = 10_26_Tabbar;
			sourceTree = "<group>";
		};
		9CAFB7CB2546F98300C4B620 /* CarDetail */ = {
			isa = PBXGroup;
			children = (
				9CAFB7CC2546F99200C4B620 /* CarDetail.storyboard */,
				9CAFB7CF2546FB5600C4B620 /* CarDetailViewController.swift */,
			);
			path = CarDetail;
			sourceTree = "<group>";
		};
/* End PBXGroup section */

/* Begin PBXNativeTarget section */
		9CAFB7B22546F95000C4B620 /* 10_26_Tabbar */ = {
			isa = PBXNativeTarget;
			buildConfigurationList = 9CAFB7C72546F95200C4B620 /* Build configuration list for PBXNativeTarget "10_26_Tabbar" */;
			buildPhases = (
				9CAFB7AF2546F95000C4B620 /* Sources */,
				9CAFB7B02546F95000C4B620 /* Frameworks */,
				9CAFB7B12546F95000C4B620 /* Resources */,
			);
			buildRules = (
			);
			dependencies = (
			);
			name = 10_26_Tabbar;
			productName = 10_26_Tabbar;
			productReference = 9CAFB7B32546F95000C4B620 /* 10_26_Tabbar.app */;
			productType = "com.apple.product-type.application";
		};
/* End PBXNativeTarget section */

/* Begin PBXProject section */
		9CAFB7AB2546F94F00C4B620 /* Project object */ = {
			isa = PBXProject;
			attributes = {
				LastSwiftUpdateCheck = 1210;
				LastUpgradeCheck = 1210;
				TargetAttributes = {
					9CAFB7B22546F95000C4B620 = {
						CreatedOnToolsVersion = 12.1;
					};
				};
			};
			buildConfigurationList = 9CAFB7AE2546F94F00C4B620 /* Build configuration list for PBXProject "10_26_Tabbar" */;
			compatibilityVersion = "Xcode 9.3";
			developmentRegion = en;
			hasScannedForEncodings = 0;
			knownRegions = (
				en,
				Base,
			);
			mainGroup = 9CAFB7AA2546F94F00C4B620;
			productRefGroup = 9CAFB7B42546F95000C4B620 /* Products */;
			projectDirPath = "";
			projectRoot = "";
			targets = (
				9CAFB7B22546F95000C4B620 /* 10_26_Tabbar */,
			);
		};
/* End PBXProject section */

/* Begin PBXResourcesBuildPhase section */
		9CAFB7B12546F95000C4B620 /* Resources */ = {
			isa = PBXResourcesBuildPhase;
			buildActionMask = 2147483647;
			files = (
				9CAFB7CD2546F99200C4B620 /* CarDetail.storyboard in Resources */,
				9CAFB7C32546F95200C4B620 /* LaunchScreen.storyboard in Resources */,
				9CAFB7C02546F95200C4B620 /* Assets.xcassets in Resources */,
				9CAFB7BE2546F95000C4B620 /* Main.storyboard in Resources */,
			);
			runOnlyForDeploymentPostprocessing = 0;
		};
/* End PBXResourcesBuildPhase section */

/* Begin PBXSourcesBuildPhase section */
		9CAFB7AF2546F95000C4B620 /* Sources */ = {
			isa = PBXSourcesBuildPhase;
			buildActionMask = 2147483647;
			files = (
				9CAFB7D02546FB5600C4B620 /* CarDetailViewController.swift in Sources */,
				9CAFB7BB2546F95000C4B620 /* ViewController.swift in Sources */,
				9CAFB7B72546F95000C4B620 /* AppDelegate.swift in Sources */,
				9CAFB7B92546F95000C4B620 /* SceneDelegate.swift in Sources */,
			);
			runOnlyForDeploymentPostprocessing = 0;
		};
/* End PBXSourcesBuildPhase section */

/* Begin PBXVariantGroup section */
		9CAFB7BC2546F95000C4B620 /* Main.storyboard */ = {
			isa = PBXVariantGroup;
			children = (
				9CAFB7BD2546F95000C4B620 /* Base */,
			);
			name = Main.storyboard;
			sourceTree = "<group>";
		};
		9CAFB7C12546F95200C4B620 /* LaunchScreen.storyboard */ = {
			isa = PBXVariantGroup;
			children = (
				9CAFB7C22546F95200C4B620 /* Base */,
			);
			name = LaunchScreen.storyboard;
			sourceTree = "<group>";
		};
/* End PBXVariantGroup section */

/* Begin XCBuildConfiguration section */
		9CAFB7C52546F95200C4B620 /* Debug */ = {
			isa = XCBuildConfiguration;
			buildSettings = {
				ALWAYS_SEARCH_USER_PATHS = NO;
				CLANG_ANALYZER_NONNULL = YES;
				CLANG_ANALYZER_NUMBER_OBJECT_CONVERSION = YES_AGGRESSIVE;
				CLANG_CXX_LANGUAGE_STANDARD = "gnu++14";
				CLANG_CXX_LIBRARY = "libc++";
				CLANG_ENABLE_MODULES = YES;
				CLANG_ENABLE_OBJC_ARC = YES;
				CLANG_ENABLE_OBJC_WEAK = YES;
				CLANG_WARN_BLOCK_CAPTURE_AUTORELEASING = YES;
				CLANG_WARN_BOOL_CONVERSION = YES;
				CLANG_WARN_COMMA = YES;
				CLANG_WARN_CONSTANT_CONVERSION = YES;
				CLANG_WARN_DEPRECATED_OBJC_IMPLEMENTATIONS = YES;
				CLANG_WARN_DIRECT_OBJC_ISA_USAGE = YES_ERROR;
				CLANG_WARN_DOCUMENTATION_COMMENTS = YES;
				CLANG_WARN_EMPTY_BODY = YES;
				CLANG_WARN_ENUM_CONVERSION = YES;
				CLANG_WARN_INFINITE_RECURSION = YES;
				CLANG_WARN_INT_CONVERSION = YES;
				CLANG_WARN_NON_LITERAL_NULL_CONVERSION = YES;
				CLANG_WARN_OBJC_IMPLICIT_RETAIN_SELF = YES;
				CLANG_WARN_OBJC_LITERAL_CONVERSION = YES;
				CLANG_WARN_OBJC_ROOT_CLASS = YES_ERROR;
				CLANG_WARN_QUOTED_INCLUDE_IN_FRAMEWORK_HEADER = YES;
				CLANG_WARN_RANGE_LOOP_ANALYSIS = YES;
				CLANG_WARN_STRICT_PROTOTYPES = YES;
				CLANG_WARN_SUSPICIOUS_MOVE = YES;
				CLANG_WARN_UNGUARDED_AVAILABILITY = YES_AGGRESSIVE;
				CLANG_WARN_UNREACHABLE_CODE = YES;
				CLANG_WARN__DUPLICATE_METHOD_MATCH = YES;
				COPY_PHASE_STRIP = NO;
				DEBUG_INFORMATION_FORMAT = dwarf;
				ENABLE_STRICT_OBJC_MSGSEND = YES;
				ENABLE_TESTABILITY = YES;
				GCC_C_LANGUAGE_STANDARD = gnu11;
				GCC_DYNAMIC_NO_PIC = NO;
				GCC_NO_COMMON_BLOCKS = YES;
				GCC_OPTIMIZATION_LEVEL = 0;
				GCC_PREPROCESSOR_DEFINITIONS = (
					"DEBUG=1",
					"$(inherited)",
				);
				GCC_WARN_64_TO_32_BIT_CONVERSION = YES;
				GCC_WARN_ABOUT_RETURN_TYPE = YES_ERROR;
				GCC_WARN_UNDECLARED_SELECTOR = YES;
				GCC_WARN_UNINITIALIZED_AUTOS = YES_AGGRESSIVE;
				GCC_WARN_UNUSED_FUNCTION = YES;
				GCC_WARN_UNUSED_VARIABLE = YES;
				IPHONEOS_DEPLOYMENT_TARGET = 14.1;
				MTL_ENABLE_DEBUG_INFO = INCLUDE_SOURCE;
				MTL_FAST_MATH = YES;
				ONLY_ACTIVE_ARCH = YES;
				SDKROOT = iphoneos;
				SWIFT_ACTIVE_COMPILATION_CONDITIONS = DEBUG;
				SWIFT_OPTIMIZATION_LEVEL = "-Onone";
			};
			name = Debug;
		};
		9CAFB7C62546F95200C4B620 /* Release */ = {
			isa = XCBuildConfiguration;
			buildSettings = {
				ALWAYS_SEARCH_USER_PATHS = NO;
				CLANG_ANALYZER_NONNULL = YES;
				CLANG_ANALYZER_NUMBER_OBJECT_CONVERSION = YES_AGGRESSIVE;
				CLANG_CXX_LANGUAGE_STANDARD = "gnu++14";
				CLANG_CXX_LIBRARY = "libc++";
				CLANG_ENABLE_MODULES = YES;
				CLANG_ENABLE_OBJC_ARC = YES;
				CLANG_ENABLE_OBJC_WEAK = YES;
				CLANG_WARN_BLOCK_CAPTURE_AUTORELEASING = YES;
				CLANG_WARN_BOOL_CONVERSION = YES;
				CLANG_WARN_COMMA = YES;
				CLANG_WARN_CONSTANT_CONVERSION = YES;
				CLANG_WARN_DEPRECATED_OBJC_IMPLEMENTATIONS = YES;
				CLANG_WARN_DIRECT_OBJC_ISA_USAGE = YES_ERROR;
				CLANG_WARN_DOCUMENTATION_COMMENTS = YES;
				CLANG_WARN_EMPTY_BODY = YES;
				CLANG_WARN_ENUM_CONVERSION = YES;
				CLANG_WARN_INFINITE_RECURSION = YES;
				CLANG_WARN_INT_CONVERSION = YES;
				CLANG_WARN_NON_LITERAL_NULL_CONVERSION = YES;
				CLANG_WARN_OBJC_IMPLICIT_RETAIN_SELF = YES;
				CLANG_WARN_OBJC_LITERAL_CONVERSION = YES;
				CLANG_WARN_OBJC_ROOT_CLASS = YES_ERROR;
				CLANG_WARN_QUOTED_INCLUDE_IN_FRAMEWORK_HEADER = YES;
				CLANG_WARN_RANGE_LOOP_ANALYSIS = YES;
				CLANG_WARN_STRICT_PROTOTYPES = YES;
				CLANG_WARN_SUSPICIOUS_MOVE = YES;
				CLANG_WARN_UNGUARDED_AVAILABILITY = YES_AGGRESSIVE;
				CLANG_WARN_UNREACHABLE_CODE = YES;
				CLANG_WARN__DUPLICATE_METHOD_MATCH = YES;
				COPY_PHASE_STRIP = NO;
				DEBUG_INFORMATION_FORMAT = "dwarf-with-dsym";
				ENABLE_NS_ASSERTIONS = NO;
				ENABLE_STRICT_OBJC_MSGSEND = YES;
				GCC_C_LANGUAGE_STANDARD = gnu11;
				GCC_NO_COMMON_BLOCKS = YES;
				GCC_WARN_64_TO_32_BIT_CONVERSION = YES;
				GCC_WARN_ABOUT_RETURN_TYPE = YES_ERROR;
				GCC_WARN_UNDECLARED_SELECTOR = YES;
				GCC_WARN_UNINITIALIZED_AUTOS = YES_AGGRESSIVE;
				GCC_WARN_UNUSED_FUNCTION = YES;
				GCC_WARN_UNUSED_VARIABLE = YES;
				IPHONEOS_DEPLOYMENT_TARGET = 14.1;
				MTL_ENABLE_DEBUG_INFO = NO;
				MTL_FAST_MATH = YES;
				SDKROOT = iphoneos;
				SWIFT_COMPILATION_MODE = wholemodule;
				SWIFT_OPTIMIZATION_LEVEL = "-O";
				VALIDATE_PRODUCT = YES;
			};
			name = Release;
		};
		9CAFB7C82546F95200C4B620 /* Debug */ = {
			isa = XCBuildConfiguration;
			buildSettings = {
				ASSETCATALOG_COMPILER_APPICON_NAME = AppIcon;
				ASSETCATALOG_COMPILER_GLOBAL_ACCENT_COLOR_NAME = AccentColor;
				CODE_SIGN_STYLE = Automatic;
				DEVELOPMENT_TEAM = HQKT5G7NHC;
				INFOPLIST_FILE = 10_26_Tabbar/Info.plist;
				LD_RUNPATH_SEARCH_PATHS = (
					"$(inherited)",
					"@executable_path/Frameworks",
				);
				PRODUCT_BUNDLE_IDENTIFIER = "com.nam.-0-26-Tabbar";
				PRODUCT_NAME = "$(TARGET_NAME)";
				SWIFT_VERSION = 5.0;
				TARGETED_DEVICE_FAMILY = "1,2";
			};
			name = Debug;
		};
		9CAFB7C92546F95200C4B620 /* Release */ = {
			isa = XCBuildConfiguration;
			buildSettings = {
				ASSETCATALOG_COMPILER_APPICON_NAME = AppIcon;
				ASSETCATALOG_COMPILER_GLOBAL_ACCENT_COLOR_NAME = AccentColor;
				CODE_SIGN_STYLE = Automatic;
				DEVELOPMENT_TEAM = HQKT5G7NHC;
				INFOPLIST_FILE = 10_26_Tabbar/Info.plist;
				LD_RUNPATH_SEARCH_PATHS = (
					"$(inherited)",
					"@executable_path/Frameworks",
				);
				PRODUCT_BUNDLE_IDENTIFIER = "com.nam.-0-26-Tabbar";
				PRODUCT_NAME = "$(TARGET_NAME)";
				SWIFT_VERSION = 5.0;
				TARGETED_DEVICE_FAMILY = "1,2";
			};
			name = Release;
		};
/* End XCBuildConfiguration section */

/* Begin XCConfigurationList section */
		9CAFB7AE2546F94F00C4B620 /* Build configuration list for PBXProject "10_26_Tabbar" */ = {
			isa = XCConfigurationList;
			buildConfigurations = (
				9CAFB7C52546F95200C4B620 /* Debug */,
				9CAFB7C62546F95200C4B620 /* Release */,
			);
			defaultConfigurationIsVisible = 0;
			defaultConfigurationName = Release;
		};
		9CAFB7C72546F95200C4B620 /* Build configuration list for PBXNativeTarget "10_26_Tabbar" */ = {
			isa = XCConfigurationList;
			buildConfigurations = (
				9CAFB7C82546F95200C4B620 /* Debug */,
				9CAFB7C92546F95200C4B620 /* Release */,
			);
			defaultConfigurationIsVisible = 0;
			defaultConfigurationName = Release;
		};
/* End XCConfigurationList section */
	};
	rootObject = 9CAFB7AB2546F94F00C4B620 /* Project object */;
}
