// !$*UTF8*$!
{
	archiveVersion = 1;
	classes = {
	};
	objectVersion = 50;
	objects = {

/* Begin PBXBuildFile section */
		9C8C8CC8256BDFDB00940AB9 /* AppDelegate.swift in Sources */ = {isa = PBXBuildFile; fileRef = 9C8C8CC7256BDFDB00940AB9 /* AppDelegate.swift */; };
		9C8C8CCA256BDFDB00940AB9 /* SceneDelegate.swift in Sources */ = {isa = PBXBuildFile; fileRef = 9C8C8CC9256BDFDB00940AB9 /* SceneDelegate.swift */; };
		9C8C8CCC256BDFDB00940AB9 /* ViewController.swift in Sources */ = {isa = PBXBuildFile; fileRef = 9C8C8CCB256BDFDB00940AB9 /* ViewController.swift */; };
		9C8C8CCF256BDFDB00940AB9 /* Main.storyboard in Resources */ = {isa = PBXBuildFile; fileRef = 9C8C8CCD256BDFDB00940AB9 /* Main.storyboard */; };
		9C8C8CD1256BDFE100940AB9 /* Assets.xcassets in Resources */ = {isa = PBXBuildFile; fileRef = 9C8C8CD0256BDFE100940AB9 /* Assets.xcassets */; };
		9C8C8CD4256BDFE100940AB9 /* LaunchScreen.storyboard in Resources */ = {isa = PBXBuildFile; fileRef = 9C8C8CD2256BDFE100940AB9 /* LaunchScreen.storyboard */; };
		9C8C8CE3256BE0B500940AB9 /* _1_23_TestesUITests.swift in Sources */ = {isa = PBXBuildFile; fileRef = 9C8C8CE2256BE0B500940AB9 /* _1_23_TestesUITests.swift */; };
		9C8C8CF3256BEA7700940AB9 /* _1_23_TestesTests.swift in Sources */ = {isa = PBXBuildFile; fileRef = 9C8C8CF2256BEA7700940AB9 /* _1_23_TestesTests.swift */; };
		9C8C8CFE256BEAA700940AB9 /* Cart.swift in Sources */ = {isa = PBXBuildFile; fileRef = 9C8C8CFD256BEAA700940AB9 /* Cart.swift */; };
		9C8C8D03256BEB4300940AB9 /* CartTests.swift in Sources */ = {isa = PBXBuildFile; fileRef = 9C8C8D02256BEB4300940AB9 /* CartTests.swift */; };
/* End PBXBuildFile section */

/* Begin PBXContainerItemProxy section */
		9C8C8CE5256BE0B500940AB9 /* PBXContainerItemProxy */ = {
			isa = PBXContainerItemProxy;
			containerPortal = 9C8C8CBC256BDFDB00940AB9 /* Project object */;
			proxyType = 1;
			remoteGlobalIDString = 9C8C8CC3256BDFDB00940AB9;
			remoteInfo = 11_23_Testes;
		};
		9C8C8CF5256BEA7700940AB9 /* PBXContainerItemProxy */ = {
			isa = PBXContainerItemProxy;
			containerPortal = 9C8C8CBC256BDFDB00940AB9 /* Project object */;
			proxyType = 1;
			remoteGlobalIDString = 9C8C8CC3256BDFDB00940AB9;
			remoteInfo = 11_23_Testes;
		};
/* End PBXContainerItemProxy section */

/* Begin PBXFileReference section */
		9C8C8CC4256BDFDB00940AB9 /* 11_23_Testes.app */ = {isa = PBXFileReference; explicitFileType = wrapper.application; includeInIndex = 0; path = 11_23_Testes.app; sourceTree = BUILT_PRODUCTS_DIR; };
		9C8C8CC7256BDFDB00940AB9 /* AppDelegate.swift */ = {isa = PBXFileReference; lastKnownFileType = sourcecode.swift; path = AppDelegate.swift; sourceTree = "<group>"; };
		9C8C8CC9256BDFDB00940AB9 /* SceneDelegate.swift */ = {isa = PBXFileReference; lastKnownFileType = sourcecode.swift; path = SceneDelegate.swift; sourceTree = "<group>"; };
		9C8C8CCB256BDFDB00940AB9 /* ViewController.swift */ = {isa = PBXFileReference; lastKnownFileType = sourcecode.swift; path = ViewController.swift; sourceTree = "<group>"; };
		9C8C8CCE256BDFDB00940AB9 /* Base */ = {isa = PBXFileReference; lastKnownFileType = file.storyboard; name = Base; path = Base.lproj/Main.storyboard; sourceTree = "<group>"; };
		9C8C8CD0256BDFE100940AB9 /* Assets.xcassets */ = {isa = PBXFileReference; lastKnownFileType = folder.assetcatalog; path = Assets.xcassets; sourceTree = "<group>"; };
		9C8C8CD3256BDFE100940AB9 /* Base */ = {isa = PBXFileReference; lastKnownFileType = file.storyboard; name = Base; path = Base.lproj/LaunchScreen.storyboard; sourceTree = "<group>"; };
		9C8C8CD5256BDFE100940AB9 /* Info.plist */ = {isa = PBXFileReference; lastKnownFileType = text.plist.xml; path = Info.plist; sourceTree = "<group>"; };
		9C8C8CE0256BE0B500940AB9 /* 11_23_TestesUITests.xctest */ = {isa = PBXFileReference; explicitFileType = wrapper.cfbundle; includeInIndex = 0; path = 11_23_TestesUITests.xctest; sourceTree = BUILT_PRODUCTS_DIR; };
		9C8C8CE2256BE0B500940AB9 /* _1_23_TestesUITests.swift */ = {isa = PBXFileReference; lastKnownFileType = sourcecode.swift; path = _1_23_TestesUITests.swift; sourceTree = "<group>"; };
		9C8C8CE4256BE0B500940AB9 /* Info.plist */ = {isa = PBXFileReference; lastKnownFileType = text.plist.xml; path = Info.plist; sourceTree = "<group>"; };
		9C8C8CF0256BEA7700940AB9 /* 11_23_TestesTests.xctest */ = {isa = PBXFileReference; explicitFileType = wrapper.cfbundle; includeInIndex = 0; path = 11_23_TestesTests.xctest; sourceTree = BUILT_PRODUCTS_DIR; };
		9C8C8CF2256BEA7700940AB9 /* _1_23_TestesTests.swift */ = {isa = PBXFileReference; lastKnownFileType = sourcecode.swift; path = _1_23_TestesTests.swift; sourceTree = "<group>"; };
		9C8C8CF4256BEA7700940AB9 /* Info.plist */ = {isa = PBXFileReference; lastKnownFileType = text.plist.xml; path = Info.plist; sourceTree = "<group>"; };
		9C8C8CFD256BEAA700940AB9 /* Cart.swift */ = {isa = PBXFileReference; lastKnownFileType = sourcecode.swift; path = Cart.swift; sourceTree = "<group>"; };
		9C8C8D02256BEB4300940AB9 /* CartTests.swift */ = {isa = PBXFileReference; lastKnownFileType = sourcecode.swift; path = CartTests.swift; sourceTree = "<group>"; };
/* End PBXFileReference section */

/* Begin PBXFrameworksBuildPhase section */
		9C8C8CC1256BDFDB00940AB9 /* Frameworks */ = {
			isa = PBXFrameworksBuildPhase;
			buildActionMask = 2147483647;
			files = (
			);
			runOnlyForDeploymentPostprocessing = 0;
		};
		9C8C8CDD256BE0B500940AB9 /* Frameworks */ = {
			isa = PBXFrameworksBuildPhase;
			buildActionMask = 2147483647;
			files = (
			);
			runOnlyForDeploymentPostprocessing = 0;
		};
		9C8C8CED256BEA7700940AB9 /* Frameworks */ = {
			isa = PBXFrameworksBuildPhase;
			buildActionMask = 2147483647;
			files = (
			);
			runOnlyForDeploymentPostprocessing = 0;
		};
/* End PBXFrameworksBuildPhase section */

/* Begin PBXGroup section */
		9C8C8CBB256BDFDB00940AB9 = {
			isa = PBXGroup;
			children = (
				9C8C8CC6256BDFDB00940AB9 /* 11_23_Testes */,
				9C8C8CE1256BE0B500940AB9 /* 11_23_TestesUITests */,
				9C8C8CF1256BEA7700940AB9 /* 11_23_TestesTests */,
				9C8C8CC5256BDFDB00940AB9 /* Products */,
			);
			sourceTree = "<group>";
		};
		9C8C8CC5256BDFDB00940AB9 /* Products */ = {
			isa = PBXGroup;
			children = (
				9C8C8CC4256BDFDB00940AB9 /* 11_23_Testes.app */,
				9C8C8CE0256BE0B500940AB9 /* 11_23_TestesUITests.xctest */,
				9C8C8CF0256BEA7700940AB9 /* 11_23_TestesTests.xctest */,
			);
			name = Products;
			sourceTree = "<group>";
		};
		9C8C8CC6256BDFDB00940AB9 /* 11_23_Testes */ = {
			isa = PBXGroup;
			children = (
				9C8C8CC7256BDFDB00940AB9 /* AppDelegate.swift */,
				9C8C8CC9256BDFDB00940AB9 /* SceneDelegate.swift */,
				9C8C8CCB256BDFDB00940AB9 /* ViewController.swift */,
				9C8C8CFD256BEAA700940AB9 /* Cart.swift */,
				9C8C8CCD256BDFDB00940AB9 /* Main.storyboard */,
				9C8C8CD0256BDFE100940AB9 /* Assets.xcassets */,
				9C8C8CD2256BDFE100940AB9 /* LaunchScreen.storyboard */,
				9C8C8CD5256BDFE100940AB9 /* Info.plist */,
			);
			path = 11_23_Testes;
			sourceTree = "<group>";
		};
		9C8C8CE1256BE0B500940AB9 /* 11_23_TestesUITests */ = {
			isa = PBXGroup;
			children = (
				9C8C8CE2256BE0B500940AB9 /* _1_23_TestesUITests.swift */,
				9C8C8CE4256BE0B500940AB9 /* Info.plist */,
			);
			path = 11_23_TestesUITests;
			sourceTree = "<group>";
		};
		9C8C8CF1256BEA7700940AB9 /* 11_23_TestesTests */ = {
			isa = PBXGroup;
			children = (
				9C8C8CF2256BEA7700940AB9 /* _1_23_TestesTests.swift */,
				9C8C8D02256BEB4300940AB9 /* CartTests.swift */,
				9C8C8CF4256BEA7700940AB9 /* Info.plist */,
			);
			path = 11_23_TestesTests;
			sourceTree = "<group>";
		};
/* End PBXGroup section */

/* Begin PBXNativeTarget section */
		9C8C8CC3256BDFDB00940AB9 /* 11_23_Testes */ = {
			isa = PBXNativeTarget;
			buildConfigurationList = 9C8C8CD8256BDFE100940AB9 /* Build configuration list for PBXNativeTarget "11_23_Testes" */;
			buildPhases = (
				9C8C8CC0256BDFDB00940AB9 /* Sources */,
				9C8C8CC1256BDFDB00940AB9 /* Frameworks */,
				9C8C8CC2256BDFDB00940AB9 /* Resources */,
			);
			buildRules = (
			);
			dependencies = (
			);
			name = 11_23_Testes;
			productName = 11_23_Testes;
			productReference = 9C8C8CC4256BDFDB00940AB9 /* 11_23_Testes.app */;
			productType = "com.apple.product-type.application";
		};
		9C8C8CDF256BE0B500940AB9 /* 11_23_TestesUITests */ = {
			isa = PBXNativeTarget;
			buildConfigurationList = 9C8C8CE7256BE0B500940AB9 /* Build configuration list for PBXNativeTarget "11_23_TestesUITests" */;
			buildPhases = (
				9C8C8CDC256BE0B500940AB9 /* Sources */,
				9C8C8CDD256BE0B500940AB9 /* Frameworks */,
				9C8C8CDE256BE0B500940AB9 /* Resources */,
			);
			buildRules = (
			);
			dependencies = (
				9C8C8CE6256BE0B500940AB9 /* PBXTargetDependency */,
			);
			name = 11_23_TestesUITests;
			productName = 11_23_TestesUITests;
			productReference = 9C8C8CE0256BE0B500940AB9 /* 11_23_TestesUITests.xctest */;
			productType = "com.apple.product-type.bundle.ui-testing";
		};
		9C8C8CEF256BEA7700940AB9 /* 11_23_TestesTests */ = {
			isa = PBXNativeTarget;
			buildConfigurationList = 9C8C8CF7256BEA7700940AB9 /* Build configuration list for PBXNativeTarget "11_23_TestesTests" */;
			buildPhases = (
				9C8C8CEC256BEA7700940AB9 /* Sources */,
				9C8C8CED256BEA7700940AB9 /* Frameworks */,
				9C8C8CEE256BEA7700940AB9 /* Resources */,
			);
			buildRules = (
			);
			dependencies = (
				9C8C8CF6256BEA7700940AB9 /* PBXTargetDependency */,
			);
			name = 11_23_TestesTests;
			productName = 11_23_TestesTests;
			productReference = 9C8C8CF0256BEA7700940AB9 /* 11_23_TestesTests.xctest */;
			productType = "com.apple.product-type.bundle.unit-test";
		};
/* End PBXNativeTarget section */

/* Begin PBXProject section */
		9C8C8CBC256BDFDB00940AB9 /* Project object */ = {
			isa = PBXProject;
			attributes = {
				LastSwiftUpdateCheck = 1220;
				LastUpgradeCheck = 1220;
				TargetAttributes = {
					9C8C8CC3256BDFDB00940AB9 = {
						CreatedOnToolsVersion = 12.2;
					};
					9C8C8CDF256BE0B500940AB9 = {
						CreatedOnToolsVersion = 12.2;
						TestTargetID = 9C8C8CC3256BDFDB00940AB9;
					};
					9C8C8CEF256BEA7700940AB9 = {
						CreatedOnToolsVersion = 12.2;
						TestTargetID = 9C8C8CC3256BDFDB00940AB9;
					};
				};
			};
			buildConfigurationList = 9C8C8CBF256BDFDB00940AB9 /* Build configuration list for PBXProject "11_23_Testes" */;
			compatibilityVersion = "Xcode 9.3";
			developmentRegion = en;
			hasScannedForEncodings = 0;
			knownRegions = (
				en,
				Base,
			);
			mainGroup = 9C8C8CBB256BDFDB00940AB9;
			productRefGroup = 9C8C8CC5256BDFDB00940AB9 /* Products */;
			projectDirPath = "";
			projectRoot = "";
			targets = (
				9C8C8CC3256BDFDB00940AB9 /* 11_23_Testes */,
				9C8C8CDF256BE0B500940AB9 /* 11_23_TestesUITests */,
				9C8C8CEF256BEA7700940AB9 /* 11_23_TestesTests */,
			);
		};
/* End PBXProject section */

/* Begin PBXResourcesBuildPhase section */
		9C8C8CC2256BDFDB00940AB9 /* Resources */ = {
			isa = PBXResourcesBuildPhase;
			buildActionMask = 2147483647;
			files = (
				9C8C8CD4256BDFE100940AB9 /* LaunchScreen.storyboard in Resources */,
				9C8C8CD1256BDFE100940AB9 /* Assets.xcassets in Resources */,
				9C8C8CCF256BDFDB00940AB9 /* Main.storyboard in Resources */,
			);
			runOnlyForDeploymentPostprocessing = 0;
		};
		9C8C8CDE256BE0B500940AB9 /* Resources */ = {
			isa = PBXResourcesBuildPhase;
			buildActionMask = 2147483647;
			files = (
			);
			runOnlyForDeploymentPostprocessing = 0;
		};
		9C8C8CEE256BEA7700940AB9 /* Resources */ = {
			isa = PBXResourcesBuildPhase;
			buildActionMask = 2147483647;
			files = (
			);
			runOnlyForDeploymentPostprocessing = 0;
		};
/* End PBXResourcesBuildPhase section */

/* Begin PBXSourcesBuildPhase section */
		9C8C8CC0256BDFDB00940AB9 /* Sources */ = {
			isa = PBXSourcesBuildPhase;
			buildActionMask = 2147483647;
			files = (
				9C8C8CCC256BDFDB00940AB9 /* ViewController.swift in Sources */,
				9C8C8CC8256BDFDB00940AB9 /* AppDelegate.swift in Sources */,
				9C8C8CCA256BDFDB00940AB9 /* SceneDelegate.swift in Sources */,
				9C8C8CFE256BEAA700940AB9 /* Cart.swift in Sources */,
			);
			runOnlyForDeploymentPostprocessing = 0;
		};
		9C8C8CDC256BE0B500940AB9 /* Sources */ = {
			isa = PBXSourcesBuildPhase;
			buildActionMask = 2147483647;
			files = (
				9C8C8CE3256BE0B500940AB9 /* _1_23_TestesUITests.swift in Sources */,
			);
			runOnlyForDeploymentPostprocessing = 0;
		};
		9C8C8CEC256BEA7700940AB9 /* Sources */ = {
			isa = PBXSourcesBuildPhase;
			buildActionMask = 2147483647;
			files = (
				9C8C8CF3256BEA7700940AB9 /* _1_23_TestesTests.swift in Sources */,
				9C8C8D03256BEB4300940AB9 /* CartTests.swift in Sources */,
			);
			runOnlyForDeploymentPostprocessing = 0;
		};
/* End PBXSourcesBuildPhase section */

/* Begin PBXTargetDependency section */
		9C8C8CE6256BE0B500940AB9 /* PBXTargetDependency */ = {
			isa = PBXTargetDependency;
			target = 9C8C8CC3256BDFDB00940AB9 /* 11_23_Testes */;
			targetProxy = 9C8C8CE5256BE0B500940AB9 /* PBXContainerItemProxy */;
		};
		9C8C8CF6256BEA7700940AB9 /* PBXTargetDependency */ = {
			isa = PBXTargetDependency;
			target = 9C8C8CC3256BDFDB00940AB9 /* 11_23_Testes */;
			targetProxy = 9C8C8CF5256BEA7700940AB9 /* PBXContainerItemProxy */;
		};
/* End PBXTargetDependency section */

/* Begin PBXVariantGroup section */
		9C8C8CCD256BDFDB00940AB9 /* Main.storyboard */ = {
			isa = PBXVariantGroup;
			children = (
				9C8C8CCE256BDFDB00940AB9 /* Base */,
			);
			name = Main.storyboard;
			sourceTree = "<group>";
		};
		9C8C8CD2256BDFE100940AB9 /* LaunchScreen.storyboard */ = {
			isa = PBXVariantGroup;
			children = (
				9C8C8CD3256BDFE100940AB9 /* Base */,
			);
			name = LaunchScreen.storyboard;
			sourceTree = "<group>";
		};
/* End PBXVariantGroup section */

/* Begin XCBuildConfiguration section */
		9C8C8CD6256BDFE100940AB9 /* Debug */ = {
			isa = XCBuildConfiguration;
			buildSettings = {
				ALWAYS_SEARCH_USER_PATHS = NO;
				CLANG_ANALYZER_NONNULL = YES;
				CLANG_ANALYZER_NUMBER_OBJECT_CONVERSION = YES_AGGRESSIVE;
				CLANG_CXX_LANGUAGE_STANDARD = "gnu++14";
				CLANG_CXX_LIBRARY = "libc++";
				CLANG_ENABLE_MODULES = YES;
				CLANG_ENABLE_OBJC_ARC = YES;
				CLANG_ENABLE_OBJC_WEAK = YES;
				CLANG_WARN_BLOCK_CAPTURE_AUTORELEASING = YES;
				CLANG_WARN_BOOL_CONVERSION = YES;
				CLANG_WARN_COMMA = YES;
				CLANG_WARN_CONSTANT_CONVERSION = YES;
				CLANG_WARN_DEPRECATED_OBJC_IMPLEMENTATIONS = YES;
				CLANG_WARN_DIRECT_OBJC_ISA_USAGE = YES_ERROR;
				CLANG_WARN_DOCUMENTATION_COMMENTS = YES;
				CLANG_WARN_EMPTY_BODY = YES;
				CLANG_WARN_ENUM_CONVERSION = YES;
				CLANG_WARN_INFINITE_RECURSION = YES;
				CLANG_WARN_INT_CONVERSION = YES;
				CLANG_WARN_NON_LITERAL_NULL_CONVERSION = YES;
				CLANG_WARN_OBJC_IMPLICIT_RETAIN_SELF = YES;
				CLANG_WARN_OBJC_LITERAL_CONVERSION = YES;
				CLANG_WARN_OBJC_ROOT_CLASS = YES_ERROR;
				CLANG_WARN_QUOTED_INCLUDE_IN_FRAMEWORK_HEADER = YES;
				CLANG_WARN_RANGE_LOOP_ANALYSIS = YES;
				CLANG_WARN_STRICT_PROTOTYPES = YES;
				CLANG_WARN_SUSPICIOUS_MOVE = YES;
				CLANG_WARN_UNGUARDED_AVAILABILITY = YES_AGGRESSIVE;
				CLANG_WARN_UNREACHABLE_CODE = YES;
				CLANG_WARN__DUPLICATE_METHOD_MATCH = YES;
				COPY_PHASE_STRIP = NO;
				DEBUG_INFORMATION_FORMAT = dwarf;
				ENABLE_STRICT_OBJC_MSGSEND = YES;
				ENABLE_TESTABILITY = YES;
				GCC_C_LANGUAGE_STANDARD = gnu11;
				GCC_DYNAMIC_NO_PIC = NO;
				GCC_NO_COMMON_BLOCKS = YES;
				GCC_OPTIMIZATION_LEVEL = 0;
				GCC_PREPROCESSOR_DEFINITIONS = (
					"DEBUG=1",
					"$(inherited)",
				);
				GCC_WARN_64_TO_32_BIT_CONVERSION = YES;
				GCC_WARN_ABOUT_RETURN_TYPE = YES_ERROR;
				GCC_WARN_UNDECLARED_SELECTOR = YES;
				GCC_WARN_UNINITIALIZED_AUTOS = YES_AGGRESSIVE;
				GCC_WARN_UNUSED_FUNCTION = YES;
				GCC_WARN_UNUSED_VARIABLE = YES;
				IPHONEOS_DEPLOYMENT_TARGET = 14.2;
				MTL_ENABLE_DEBUG_INFO = INCLUDE_SOURCE;
				MTL_FAST_MATH = YES;
				ONLY_ACTIVE_ARCH = YES;
				SDKROOT = iphoneos;
				SWIFT_ACTIVE_COMPILATION_CONDITIONS = DEBUG;
				SWIFT_OPTIMIZATION_LEVEL = "-Onone";
			};
			name = Debug;
		};
		9C8C8CD7256BDFE100940AB9 /* Release */ = {
			isa = XCBuildConfiguration;
			buildSettings = {
				ALWAYS_SEARCH_USER_PATHS = NO;
				CLANG_ANALYZER_NONNULL = YES;
				CLANG_ANALYZER_NUMBER_OBJECT_CONVERSION = YES_AGGRESSIVE;
				CLANG_CXX_LANGUAGE_STANDARD = "gnu++14";
				CLANG_CXX_LIBRARY = "libc++";
				CLANG_ENABLE_MODULES = YES;
				CLANG_ENABLE_OBJC_ARC = YES;
				CLANG_ENABLE_OBJC_WEAK = YES;
				CLANG_WARN_BLOCK_CAPTURE_AUTORELEASING = YES;
				CLANG_WARN_BOOL_CONVERSION = YES;
				CLANG_WARN_COMMA = YES;
				CLANG_WARN_CONSTANT_CONVERSION = YES;
				CLANG_WARN_DEPRECATED_OBJC_IMPLEMENTATIONS = YES;
				CLANG_WARN_DIRECT_OBJC_ISA_USAGE = YES_ERROR;
				CLANG_WARN_DOCUMENTATION_COMMENTS = YES;
				CLANG_WARN_EMPTY_BODY = YES;
				CLANG_WARN_ENUM_CONVERSION = YES;
				CLANG_WARN_INFINITE_RECURSION = YES;
				CLANG_WARN_INT_CONVERSION = YES;
				CLANG_WARN_NON_LITERAL_NULL_CONVERSION = YES;
				CLANG_WARN_OBJC_IMPLICIT_RETAIN_SELF = YES;
				CLANG_WARN_OBJC_LITERAL_CONVERSION = YES;
				CLANG_WARN_OBJC_ROOT_CLASS = YES_ERROR;
				CLANG_WARN_QUOTED_INCLUDE_IN_FRAMEWORK_HEADER = YES;
				CLANG_WARN_RANGE_LOOP_ANALYSIS = YES;
				CLANG_WARN_STRICT_PROTOTYPES = YES;
				CLANG_WARN_SUSPICIOUS_MOVE = YES;
				CLANG_WARN_UNGUARDED_AVAILABILITY = YES_AGGRESSIVE;
				CLANG_WARN_UNREACHABLE_CODE = YES;
				CLANG_WARN__DUPLICATE_METHOD_MATCH = YES;
				COPY_PHASE_STRIP = NO;
				DEBUG_INFORMATION_FORMAT = "dwarf-with-dsym";
				ENABLE_NS_ASSERTIONS = NO;
				ENABLE_STRICT_OBJC_MSGSEND = YES;
				GCC_C_LANGUAGE_STANDARD = gnu11;
				GCC_NO_COMMON_BLOCKS = YES;
				GCC_WARN_64_TO_32_BIT_CONVERSION = YES;
				GCC_WARN_ABOUT_RETURN_TYPE = YES_ERROR;
				GCC_WARN_UNDECLARED_SELECTOR = YES;
				GCC_WARN_UNINITIALIZED_AUTOS = YES_AGGRESSIVE;
				GCC_WARN_UNUSED_FUNCTION = YES;
				GCC_WARN_UNUSED_VARIABLE = YES;
				IPHONEOS_DEPLOYMENT_TARGET = 14.2;
				MTL_ENABLE_DEBUG_INFO = NO;
				MTL_FAST_MATH = YES;
				SDKROOT = iphoneos;
				SWIFT_COMPILATION_MODE = wholemodule;
				SWIFT_OPTIMIZATION_LEVEL = "-O";
				VALIDATE_PRODUCT = YES;
			};
			name = Release;
		};
		9C8C8CD9256BDFE100940AB9 /* Debug */ = {
			isa = XCBuildConfiguration;
			buildSettings = {
				ASSETCATALOG_COMPILER_APPICON_NAME = AppIcon;
				ASSETCATALOG_COMPILER_GLOBAL_ACCENT_COLOR_NAME = AccentColor;
				CODE_SIGN_STYLE = Automatic;
				DEVELOPMENT_TEAM = HQKT5G7NHC;
				INFOPLIST_FILE = 11_23_Testes/Info.plist;
				LD_RUNPATH_SEARCH_PATHS = (
					"$(inherited)",
					"@executable_path/Frameworks",
				);
				PRODUCT_BUNDLE_IDENTIFIER = "com.nam.-1-23-Testes";
				PRODUCT_NAME = "$(TARGET_NAME)";
				SWIFT_VERSION = 5.0;
				TARGETED_DEVICE_FAMILY = "1,2";
			};
			name = Debug;
		};
		9C8C8CDA256BDFE100940AB9 /* Release */ = {
			isa = XCBuildConfiguration;
			buildSettings = {
				ASSETCATALOG_COMPILER_APPICON_NAME = AppIcon;
				ASSETCATALOG_COMPILER_GLOBAL_ACCENT_COLOR_NAME = AccentColor;
				CODE_SIGN_STYLE = Automatic;
				DEVELOPMENT_TEAM = HQKT5G7NHC;
				INFOPLIST_FILE = 11_23_Testes/Info.plist;
				LD_RUNPATH_SEARCH_PATHS = (
					"$(inherited)",
					"@executable_path/Frameworks",
				);
				PRODUCT_BUNDLE_IDENTIFIER = "com.nam.-1-23-Testes";
				PRODUCT_NAME = "$(TARGET_NAME)";
				SWIFT_VERSION = 5.0;
				TARGETED_DEVICE_FAMILY = "1,2";
			};
			name = Release;
		};
		9C8C8CE8256BE0B500940AB9 /* Debug */ = {
			isa = XCBuildConfiguration;
			buildSettings = {
				CODE_SIGN_STYLE = Automatic;
				DEVELOPMENT_TEAM = HQKT5G7NHC;
				INFOPLIST_FILE = 11_23_TestesUITests/Info.plist;
				LD_RUNPATH_SEARCH_PATHS = (
					"$(inherited)",
					"@executable_path/Frameworks",
					"@loader_path/Frameworks",
				);
				PRODUCT_BUNDLE_IDENTIFIER = "com.nam.-1-23-TestesUITests";
				PRODUCT_NAME = "$(TARGET_NAME)";
				SWIFT_VERSION = 5.0;
				TARGETED_DEVICE_FAMILY = "1,2";
				TEST_TARGET_NAME = 11_23_Testes;
			};
			name = Debug;
		};
		9C8C8CE9256BE0B500940AB9 /* Release */ = {
			isa = XCBuildConfiguration;
			buildSettings = {
				CODE_SIGN_STYLE = Automatic;
				DEVELOPMENT_TEAM = HQKT5G7NHC;
				INFOPLIST_FILE = 11_23_TestesUITests/Info.plist;
				LD_RUNPATH_SEARCH_PATHS = (
					"$(inherited)",
					"@executable_path/Frameworks",
					"@loader_path/Frameworks",
				);
				PRODUCT_BUNDLE_IDENTIFIER = "com.nam.-1-23-TestesUITests";
				PRODUCT_NAME = "$(TARGET_NAME)";
				SWIFT_VERSION = 5.0;
				TARGETED_DEVICE_FAMILY = "1,2";
				TEST_TARGET_NAME = 11_23_Testes;
			};
			name = Release;
		};
		9C8C8CF8256BEA7700940AB9 /* Debug */ = {
			isa = XCBuildConfiguration;
			buildSettings = {
				BUNDLE_LOADER = "$(TEST_HOST)";
				CODE_SIGN_STYLE = Automatic;
				DEVELOPMENT_TEAM = HQKT5G7NHC;
				INFOPLIST_FILE = 11_23_TestesTests/Info.plist;
				LD_RUNPATH_SEARCH_PATHS = (
					"$(inherited)",
					"@executable_path/Frameworks",
					"@loader_path/Frameworks",
				);
				PRODUCT_BUNDLE_IDENTIFIER = "com.nam.-1-23-TestesTests";
				PRODUCT_NAME = "$(TARGET_NAME)";
				SWIFT_VERSION = 5.0;
				TARGETED_DEVICE_FAMILY = "1,2";
				TEST_HOST = "$(BUILT_PRODUCTS_DIR)/11_23_Testes.app/11_23_Testes";
			};
			name = Debug;
		};
		9C8C8CF9256BEA7700940AB9 /* Release */ = {
			isa = XCBuildConfiguration;
			buildSettings = {
				BUNDLE_LOADER = "$(TEST_HOST)";
				CODE_SIGN_STYLE = Automatic;
				DEVELOPMENT_TEAM = HQKT5G7NHC;
				INFOPLIST_FILE = 11_23_TestesTests/Info.plist;
				LD_RUNPATH_SEARCH_PATHS = (
					"$(inherited)",
					"@executable_path/Frameworks",
					"@loader_path/Frameworks",
				);
				PRODUCT_BUNDLE_IDENTIFIER = "com.nam.-1-23-TestesTests";
				PRODUCT_NAME = "$(TARGET_NAME)";
				SWIFT_VERSION = 5.0;
				TARGETED_DEVICE_FAMILY = "1,2";
				TEST_HOST = "$(BUILT_PRODUCTS_DIR)/11_23_Testes.app/11_23_Testes";
			};
			name = Release;
		};
/* End XCBuildConfiguration section */

/* Begin XCConfigurationList section */
		9C8C8CBF256BDFDB00940AB9 /* Build configuration list for PBXProject "11_23_Testes" */ = {
			isa = XCConfigurationList;
			buildConfigurations = (
				9C8C8CD6256BDFE100940AB9 /* Debug */,
				9C8C8CD7256BDFE100940AB9 /* Release */,
			);
			defaultConfigurationIsVisible = 0;
			defaultConfigurationName = Release;
		};
		9C8C8CD8256BDFE100940AB9 /* Build configuration list for PBXNativeTarget "11_23_Testes" */ = {
			isa = XCConfigurationList;
			buildConfigurations = (
				9C8C8CD9256BDFE100940AB9 /* Debug */,
				9C8C8CDA256BDFE100940AB9 /* Release */,
			);
			defaultConfigurationIsVisible = 0;
			defaultConfigurationName = Release;
		};
		9C8C8CE7256BE0B500940AB9 /* Build configuration list for PBXNativeTarget "11_23_TestesUITests" */ = {
			isa = XCConfigurationList;
			buildConfigurations = (
				9C8C8CE8256BE0B500940AB9 /* Debug */,
				9C8C8CE9256BE0B500940AB9 /* Release */,
			);
			defaultConfigurationIsVisible = 0;
			defaultConfigurationName = Release;
		};
		9C8C8CF7256BEA7700940AB9 /* Build configuration list for PBXNativeTarget "11_23_TestesTests" */ = {
			isa = XCConfigurationList;
			buildConfigurations = (
				9C8C8CF8256BEA7700940AB9 /* Debug */,
				9C8C8CF9256BEA7700940AB9 /* Release */,
			);
			defaultConfigurationIsVisible = 0;
			defaultConfigurationName = Release;
		};
/* End XCConfigurationList section */
	};
	rootObject = 9C8C8CBC256BDFDB00940AB9 /* Project object */;
}
