// !$*UTF8*$!
{
	archiveVersion = 1;
	classes = {
	};
	objectVersion = 50;
	objects = {

/* Begin PBXBuildFile section */
		9CE85515253DDBFE0039C794 /* AppDelegate.swift in Sources */ = {isa = PBXBuildFile; fileRef = 9CE85514253DDBFE0039C794 /* AppDelegate.swift */; };
		9CE85517253DDBFE0039C794 /* SceneDelegate.swift in Sources */ = {isa = PBXBuildFile; fileRef = 9CE85516253DDBFE0039C794 /* SceneDelegate.swift */; };
		9CE85519253DDBFE0039C794 /* ViewController.swift in Sources */ = {isa = PBXBuildFile; fileRef = 9CE85518253DDBFE0039C794 /* ViewController.swift */; };
		9CE8551C253DDBFE0039C794 /* Main.storyboard in Resources */ = {isa = PBXBuildFile; fileRef = 9CE8551A253DDBFE0039C794 /* Main.storyboard */; };
		9CE8551E253DDC010039C794 /* Assets.xcassets in Resources */ = {isa = PBXBuildFile; fileRef = 9CE8551D253DDC010039C794 /* Assets.xcassets */; };
		9CE85521253DDC010039C794 /* LaunchScreen.storyboard in Resources */ = {isa = PBXBuildFile; fileRef = 9CE8551F253DDC010039C794 /* LaunchScreen.storyboard */; };
		9CE8552B253DDCD60039C794 /* UserRegisterViewController.swift in Sources */ = {isa = PBXBuildFile; fileRef = 9CE8552A253DDCD60039C794 /* UserRegisterViewController.swift */; };
		9CE8552E253DDCE00039C794 /* UserRegister.storyboard in Resources */ = {isa = PBXBuildFile; fileRef = 9CE8552D253DDCE00039C794 /* UserRegister.storyboard */; };
/* End PBXBuildFile section */

/* Begin PBXFileReference section */
		9CE85511253DDBFE0039C794 /* 10_19_Closure_exec4.app */ = {isa = PBXFileReference; explicitFileType = wrapper.application; includeInIndex = 0; path = 10_19_Closure_exec4.app; sourceTree = BUILT_PRODUCTS_DIR; };
		9CE85514253DDBFE0039C794 /* AppDelegate.swift */ = {isa = PBXFileReference; lastKnownFileType = sourcecode.swift; path = AppDelegate.swift; sourceTree = "<group>"; };
		9CE85516253DDBFE0039C794 /* SceneDelegate.swift */ = {isa = PBXFileReference; lastKnownFileType = sourcecode.swift; path = SceneDelegate.swift; sourceTree = "<group>"; };
		9CE85518253DDBFE0039C794 /* ViewController.swift */ = {isa = PBXFileReference; lastKnownFileType = sourcecode.swift; path = ViewController.swift; sourceTree = "<group>"; };
		9CE8551B253DDBFE0039C794 /* Base */ = {isa = PBXFileReference; lastKnownFileType = file.storyboard; name = Base; path = Base.lproj/Main.storyboard; sourceTree = "<group>"; };
		9CE8551D253DDC010039C794 /* Assets.xcassets */ = {isa = PBXFileReference; lastKnownFileType = folder.assetcatalog; path = Assets.xcassets; sourceTree = "<group>"; };
		9CE85520253DDC010039C794 /* Base */ = {isa = PBXFileReference; lastKnownFileType = file.storyboard; name = Base; path = Base.lproj/LaunchScreen.storyboard; sourceTree = "<group>"; };
		9CE85522253DDC010039C794 /* Info.plist */ = {isa = PBXFileReference; lastKnownFileType = text.plist.xml; path = Info.plist; sourceTree = "<group>"; };
		9CE8552A253DDCD60039C794 /* UserRegisterViewController.swift */ = {isa = PBXFileReference; lastKnownFileType = sourcecode.swift; path = UserRegisterViewController.swift; sourceTree = "<group>"; };
		9CE8552D253DDCE00039C794 /* UserRegister.storyboard */ = {isa = PBXFileReference; lastKnownFileType = file.storyboard; path = UserRegister.storyboard; sourceTree = "<group>"; };
/* End PBXFileReference section */

/* Begin PBXFrameworksBuildPhase section */
		9CE8550E253DDBFE0039C794 /* Frameworks */ = {
			isa = PBXFrameworksBuildPhase;
			buildActionMask = 2147483647;
			files = (
			);
			runOnlyForDeploymentPostprocessing = 0;
		};
/* End PBXFrameworksBuildPhase section */

/* Begin PBXGroup section */
		9CE85508253DDBFE0039C794 = {
			isa = PBXGroup;
			children = (
				9CE85513253DDBFE0039C794 /* 10_19_Closure_exec4 */,
				9CE85512253DDBFE0039C794 /* Products */,
			);
			sourceTree = "<group>";
		};
		9CE85512253DDBFE0039C794 /* Products */ = {
			isa = PBXGroup;
			children = (
				9CE85511253DDBFE0039C794 /* 10_19_Closure_exec4.app */,
			);
			name = Products;
			sourceTree = "<group>";
		};
		9CE85513253DDBFE0039C794 /* 10_19_Closure_exec4 */ = {
			isa = PBXGroup;
			children = (
				9CE85529253DDCC40039C794 /* UserRegister */,
				9CE85514253DDBFE0039C794 /* AppDelegate.swift */,
				9CE85516253DDBFE0039C794 /* SceneDelegate.swift */,
				9CE85518253DDBFE0039C794 /* ViewController.swift */,
				9CE8551A253DDBFE0039C794 /* Main.storyboard */,
				9CE8551D253DDC010039C794 /* Assets.xcassets */,
				9CE8551F253DDC010039C794 /* LaunchScreen.storyboard */,
				9CE85522253DDC010039C794 /* Info.plist */,
			);
			path = 10_19_Closure_exec4;
			sourceTree = "<group>";
		};
		9CE85529253DDCC40039C794 /* UserRegister */ = {
			isa = PBXGroup;
			children = (
				9CE8552A253DDCD60039C794 /* UserRegisterViewController.swift */,
				9CE8552D253DDCE00039C794 /* UserRegister.storyboard */,
			);
			path = UserRegister;
			sourceTree = "<group>";
		};
/* End PBXGroup section */

/* Begin PBXNativeTarget section */
		9CE85510253DDBFE0039C794 /* 10_19_Closure_exec4 */ = {
			isa = PBXNativeTarget;
			buildConfigurationList = 9CE85525253DDC010039C794 /* Build configuration list for PBXNativeTarget "10_19_Closure_exec4" */;
			buildPhases = (
				9CE8550D253DDBFE0039C794 /* Sources */,
				9CE8550E253DDBFE0039C794 /* Frameworks */,
				9CE8550F253DDBFE0039C794 /* Resources */,
			);
			buildRules = (
			);
			dependencies = (
			);
			name = 10_19_Closure_exec4;
			productName = 10_19_Closure_exec4;
			productReference = 9CE85511253DDBFE0039C794 /* 10_19_Closure_exec4.app */;
			productType = "com.apple.product-type.application";
		};
/* End PBXNativeTarget section */

/* Begin PBXProject section */
		9CE85509253DDBFE0039C794 /* Project object */ = {
			isa = PBXProject;
			attributes = {
				LastSwiftUpdateCheck = 1200;
				LastUpgradeCheck = 1200;
				TargetAttributes = {
					9CE85510253DDBFE0039C794 = {
						CreatedOnToolsVersion = 12.0.1;
					};
				};
			};
			buildConfigurationList = 9CE8550C253DDBFE0039C794 /* Build configuration list for PBXProject "10_19_Closure_exec4" */;
			compatibilityVersion = "Xcode 9.3";
			developmentRegion = en;
			hasScannedForEncodings = 0;
			knownRegions = (
				en,
				Base,
			);
			mainGroup = 9CE85508253DDBFE0039C794;
			productRefGroup = 9CE85512253DDBFE0039C794 /* Products */;
			projectDirPath = "";
			projectRoot = "";
			targets = (
				9CE85510253DDBFE0039C794 /* 10_19_Closure_exec4 */,
			);
		};
/* End PBXProject section */

/* Begin PBXResourcesBuildPhase section */
		9CE8550F253DDBFE0039C794 /* Resources */ = {
			isa = PBXResourcesBuildPhase;
			buildActionMask = 2147483647;
			files = (
				9CE85521253DDC010039C794 /* LaunchScreen.storyboard in Resources */,
				9CE8551E253DDC010039C794 /* Assets.xcassets in Resources */,
				9CE8552E253DDCE00039C794 /* UserRegister.storyboard in Resources */,
				9CE8551C253DDBFE0039C794 /* Main.storyboard in Resources */,
			);
			runOnlyForDeploymentPostprocessing = 0;
		};
/* End PBXResourcesBuildPhase section */

/* Begin PBXSourcesBuildPhase section */
		9CE8550D253DDBFE0039C794 /* Sources */ = {
			isa = PBXSourcesBuildPhase;
			buildActionMask = 2147483647;
			files = (
				9CE8552B253DDCD60039C794 /* UserRegisterViewController.swift in Sources */,
				9CE85519253DDBFE0039C794 /* ViewController.swift in Sources */,
				9CE85515253DDBFE0039C794 /* AppDelegate.swift in Sources */,
				9CE85517253DDBFE0039C794 /* SceneDelegate.swift in Sources */,
			);
			runOnlyForDeploymentPostprocessing = 0;
		};
/* End PBXSourcesBuildPhase section */

/* Begin PBXVariantGroup section */
		9CE8551A253DDBFE0039C794 /* Main.storyboard */ = {
			isa = PBXVariantGroup;
			children = (
				9CE8551B253DDBFE0039C794 /* Base */,
			);
			name = Main.storyboard;
			sourceTree = "<group>";
		};
		9CE8551F253DDC010039C794 /* LaunchScreen.storyboard */ = {
			isa = PBXVariantGroup;
			children = (
				9CE85520253DDC010039C794 /* Base */,
			);
			name = LaunchScreen.storyboard;
			sourceTree = "<group>";
		};
/* End PBXVariantGroup section */

/* Begin XCBuildConfiguration section */
		9CE85523253DDC010039C794 /* Debug */ = {
			isa = XCBuildConfiguration;
			buildSettings = {
				ALWAYS_SEARCH_USER_PATHS = NO;
				CLANG_ANALYZER_NONNULL = YES;
				CLANG_ANALYZER_NUMBER_OBJECT_CONVERSION = YES_AGGRESSIVE;
				CLANG_CXX_LANGUAGE_STANDARD = "gnu++14";
				CLANG_CXX_LIBRARY = "libc++";
				CLANG_ENABLE_MODULES = YES;
				CLANG_ENABLE_OBJC_ARC = YES;
				CLANG_ENABLE_OBJC_WEAK = YES;
				CLANG_WARN_BLOCK_CAPTURE_AUTORELEASING = YES;
				CLANG_WARN_BOOL_CONVERSION = YES;
				CLANG_WARN_COMMA = YES;
				CLANG_WARN_CONSTANT_CONVERSION = YES;
				CLANG_WARN_DEPRECATED_OBJC_IMPLEMENTATIONS = YES;
				CLANG_WARN_DIRECT_OBJC_ISA_USAGE = YES_ERROR;
				CLANG_WARN_DOCUMENTATION_COMMENTS = YES;
				CLANG_WARN_EMPTY_BODY = YES;
				CLANG_WARN_ENUM_CONVERSION = YES;
				CLANG_WARN_INFINITE_RECURSION = YES;
				CLANG_WARN_INT_CONVERSION = YES;
				CLANG_WARN_NON_LITERAL_NULL_CONVERSION = YES;
				CLANG_WARN_OBJC_IMPLICIT_RETAIN_SELF = YES;
				CLANG_WARN_OBJC_LITERAL_CONVERSION = YES;
				CLANG_WARN_OBJC_ROOT_CLASS = YES_ERROR;
				CLANG_WARN_QUOTED_INCLUDE_IN_FRAMEWORK_HEADER = YES;
				CLANG_WARN_RANGE_LOOP_ANALYSIS = YES;
				CLANG_WARN_STRICT_PROTOTYPES = YES;
				CLANG_WARN_SUSPICIOUS_MOVE = YES;
				CLANG_WARN_UNGUARDED_AVAILABILITY = YES_AGGRESSIVE;
				CLANG_WARN_UNREACHABLE_CODE = YES;
				CLANG_WARN__DUPLICATE_METHOD_MATCH = YES;
				COPY_PHASE_STRIP = NO;
				DEBUG_INFORMATION_FORMAT = dwarf;
				ENABLE_STRICT_OBJC_MSGSEND = YES;
				ENABLE_TESTABILITY = YES;
				GCC_C_LANGUAGE_STANDARD = gnu11;
				GCC_DYNAMIC_NO_PIC = NO;
				GCC_NO_COMMON_BLOCKS = YES;
				GCC_OPTIMIZATION_LEVEL = 0;
				GCC_PREPROCESSOR_DEFINITIONS = (
					"DEBUG=1",
					"$(inherited)",
				);
				GCC_WARN_64_TO_32_BIT_CONVERSION = YES;
				GCC_WARN_ABOUT_RETURN_TYPE = YES_ERROR;
				GCC_WARN_UNDECLARED_SELECTOR = YES;
				GCC_WARN_UNINITIALIZED_AUTOS = YES_AGGRESSIVE;
				GCC_WARN_UNUSED_FUNCTION = YES;
				GCC_WARN_UNUSED_VARIABLE = YES;
				IPHONEOS_DEPLOYMENT_TARGET = 14.0;
				MTL_ENABLE_DEBUG_INFO = INCLUDE_SOURCE;
				MTL_FAST_MATH = YES;
				ONLY_ACTIVE_ARCH = YES;
				SDKROOT = iphoneos;
				SWIFT_ACTIVE_COMPILATION_CONDITIONS = DEBUG;
				SWIFT_OPTIMIZATION_LEVEL = "-Onone";
			};
			name = Debug;
		};
		9CE85524253DDC010039C794 /* Release */ = {
			isa = XCBuildConfiguration;
			buildSettings = {
				ALWAYS_SEARCH_USER_PATHS = NO;
				CLANG_ANALYZER_NONNULL = YES;
				CLANG_ANALYZER_NUMBER_OBJECT_CONVERSION = YES_AGGRESSIVE;
				CLANG_CXX_LANGUAGE_STANDARD = "gnu++14";
				CLANG_CXX_LIBRARY = "libc++";
				CLANG_ENABLE_MODULES = YES;
				CLANG_ENABLE_OBJC_ARC = YES;
				CLANG_ENABLE_OBJC_WEAK = YES;
				CLANG_WARN_BLOCK_CAPTURE_AUTORELEASING = YES;
				CLANG_WARN_BOOL_CONVERSION = YES;
				CLANG_WARN_COMMA = YES;
				CLANG_WARN_CONSTANT_CONVERSION = YES;
				CLANG_WARN_DEPRECATED_OBJC_IMPLEMENTATIONS = YES;
				CLANG_WARN_DIRECT_OBJC_ISA_USAGE = YES_ERROR;
				CLANG_WARN_DOCUMENTATION_COMMENTS = YES;
				CLANG_WARN_EMPTY_BODY = YES;
				CLANG_WARN_ENUM_CONVERSION = YES;
				CLANG_WARN_INFINITE_RECURSION = YES;
				CLANG_WARN_INT_CONVERSION = YES;
				CLANG_WARN_NON_LITERAL_NULL_CONVERSION = YES;
				CLANG_WARN_OBJC_IMPLICIT_RETAIN_SELF = YES;
				CLANG_WARN_OBJC_LITERAL_CONVERSION = YES;
				CLANG_WARN_OBJC_ROOT_CLASS = YES_ERROR;
				CLANG_WARN_QUOTED_INCLUDE_IN_FRAMEWORK_HEADER = YES;
				CLANG_WARN_RANGE_LOOP_ANALYSIS = YES;
				CLANG_WARN_STRICT_PROTOTYPES = YES;
				CLANG_WARN_SUSPICIOUS_MOVE = YES;
				CLANG_WARN_UNGUARDED_AVAILABILITY = YES_AGGRESSIVE;
				CLANG_WARN_UNREACHABLE_CODE = YES;
				CLANG_WARN__DUPLICATE_METHOD_MATCH = YES;
				COPY_PHASE_STRIP = NO;
				DEBUG_INFORMATION_FORMAT = "dwarf-with-dsym";
				ENABLE_NS_ASSERTIONS = NO;
				ENABLE_STRICT_OBJC_MSGSEND = YES;
				GCC_C_LANGUAGE_STANDARD = gnu11;
				GCC_NO_COMMON_BLOCKS = YES;
				GCC_WARN_64_TO_32_BIT_CONVERSION = YES;
				GCC_WARN_ABOUT_RETURN_TYPE = YES_ERROR;
				GCC_WARN_UNDECLARED_SELECTOR = YES;
				GCC_WARN_UNINITIALIZED_AUTOS = YES_AGGRESSIVE;
				GCC_WARN_UNUSED_FUNCTION = YES;
				GCC_WARN_UNUSED_VARIABLE = YES;
				IPHONEOS_DEPLOYMENT_TARGET = 14.0;
				MTL_ENABLE_DEBUG_INFO = NO;
				MTL_FAST_MATH = YES;
				SDKROOT = iphoneos;
				SWIFT_COMPILATION_MODE = wholemodule;
				SWIFT_OPTIMIZATION_LEVEL = "-O";
				VALIDATE_PRODUCT = YES;
			};
			name = Release;
		};
		9CE85526253DDC010039C794 /* Debug */ = {
			isa = XCBuildConfiguration;
			buildSettings = {
				ASSETCATALOG_COMPILER_APPICON_NAME = AppIcon;
				ASSETCATALOG_COMPILER_GLOBAL_ACCENT_COLOR_NAME = AccentColor;
				CODE_SIGN_STYLE = Automatic;
				DEVELOPMENT_TEAM = HQKT5G7NHC;
				INFOPLIST_FILE = 10_19_Closure_exec4/Info.plist;
				LD_RUNPATH_SEARCH_PATHS = (
					"$(inherited)",
					"@executable_path/Frameworks",
				);
				PRODUCT_BUNDLE_IDENTIFIER = "com.nam.-0-19-Closure-exec4";
				PRODUCT_NAME = "$(TARGET_NAME)";
				SWIFT_VERSION = 5.0;
				TARGETED_DEVICE_FAMILY = "1,2";
			};
			name = Debug;
		};
		9CE85527253DDC010039C794 /* Release */ = {
			isa = XCBuildConfiguration;
			buildSettings = {
				ASSETCATALOG_COMPILER_APPICON_NAME = AppIcon;
				ASSETCATALOG_COMPILER_GLOBAL_ACCENT_COLOR_NAME = AccentColor;
				CODE_SIGN_STYLE = Automatic;
				DEVELOPMENT_TEAM = HQKT5G7NHC;
				INFOPLIST_FILE = 10_19_Closure_exec4/Info.plist;
				LD_RUNPATH_SEARCH_PATHS = (
					"$(inherited)",
					"@executable_path/Frameworks",
				);
				PRODUCT_BUNDLE_IDENTIFIER = "com.nam.-0-19-Closure-exec4";
				PRODUCT_NAME = "$(TARGET_NAME)";
				SWIFT_VERSION = 5.0;
				TARGETED_DEVICE_FAMILY = "1,2";
			};
			name = Release;
		};
/* End XCBuildConfiguration section */

/* Begin XCConfigurationList section */
		9CE8550C253DDBFE0039C794 /* Build configuration list for PBXProject "10_19_Closure_exec4" */ = {
			isa = XCConfigurationList;
			buildConfigurations = (
				9CE85523253DDC010039C794 /* Debug */,
				9CE85524253DDC010039C794 /* Release */,
			);
			defaultConfigurationIsVisible = 0;
			defaultConfigurationName = Release;
		};
		9CE85525253DDC010039C794 /* Build configuration list for PBXNativeTarget "10_19_Closure_exec4" */ = {
			isa = XCConfigurationList;
			buildConfigurations = (
				9CE85526253DDC010039C794 /* Debug */,
				9CE85527253DDC010039C794 /* Release */,
			);
			defaultConfigurationIsVisible = 0;
			defaultConfigurationName = Release;
		};
/* End XCConfigurationList section */
	};
	rootObject = 9CE85509253DDBFE0039C794 /* Project object */;
}
