// !$*UTF8*$!
{
	archiveVersion = 1;
	classes = {
	};
	objectVersion = 50;
	objects = {

/* Begin PBXBuildFile section */
		9CE5335925653FE7007AFD64 /* AppDelegate.swift in Sources */ = {isa = PBXBuildFile; fileRef = 9CE5335825653FE7007AFD64 /* AppDelegate.swift */; };
		9CE5335B25653FE7007AFD64 /* SceneDelegate.swift in Sources */ = {isa = PBXBuildFile; fileRef = 9CE5335A25653FE7007AFD64 /* SceneDelegate.swift */; };
		9CE5335D25653FE7007AFD64 /* ViewController.swift in Sources */ = {isa = PBXBuildFile; fileRef = 9CE5335C25653FE7007AFD64 /* ViewController.swift */; };
		9CE5336025653FE7007AFD64 /* Main.storyboard in Resources */ = {isa = PBXBuildFile; fileRef = 9CE5335E25653FE7007AFD64 /* Main.storyboard */; };
		9CE5336225653FEA007AFD64 /* Assets.xcassets in Resources */ = {isa = PBXBuildFile; fileRef = 9CE5336125653FEA007AFD64 /* Assets.xcassets */; };
		9CE5336525653FEA007AFD64 /* LaunchScreen.storyboard in Resources */ = {isa = PBXBuildFile; fileRef = 9CE5336325653FEA007AFD64 /* LaunchScreen.storyboard */; };
		9CE5337325654227007AFD64 /* NameTableViewCell.swift in Sources */ = {isa = PBXBuildFile; fileRef = 9CE5337125654227007AFD64 /* NameTableViewCell.swift */; };
		9CE5337425654227007AFD64 /* NameTableViewCell.xib in Resources */ = {isa = PBXBuildFile; fileRef = 9CE5337225654227007AFD64 /* NameTableViewCell.xib */; };
		9CE5337A256545C6007AFD64 /* RedButton.swift in Sources */ = {isa = PBXBuildFile; fileRef = 9CE53379256545C6007AFD64 /* RedButton.swift */; };
/* End PBXBuildFile section */

/* Begin PBXFileReference section */
		9CE5335525653FE7007AFD64 /* 11_18_Xib.app */ = {isa = PBXFileReference; explicitFileType = wrapper.application; includeInIndex = 0; path = 11_18_Xib.app; sourceTree = BUILT_PRODUCTS_DIR; };
		9CE5335825653FE7007AFD64 /* AppDelegate.swift */ = {isa = PBXFileReference; lastKnownFileType = sourcecode.swift; path = AppDelegate.swift; sourceTree = "<group>"; };
		9CE5335A25653FE7007AFD64 /* SceneDelegate.swift */ = {isa = PBXFileReference; lastKnownFileType = sourcecode.swift; path = SceneDelegate.swift; sourceTree = "<group>"; };
		9CE5335C25653FE7007AFD64 /* ViewController.swift */ = {isa = PBXFileReference; lastKnownFileType = sourcecode.swift; path = ViewController.swift; sourceTree = "<group>"; };
		9CE5335F25653FE7007AFD64 /* Base */ = {isa = PBXFileReference; lastKnownFileType = file.storyboard; name = Base; path = Base.lproj/Main.storyboard; sourceTree = "<group>"; };
		9CE5336125653FEA007AFD64 /* Assets.xcassets */ = {isa = PBXFileReference; lastKnownFileType = folder.assetcatalog; path = Assets.xcassets; sourceTree = "<group>"; };
		9CE5336425653FEA007AFD64 /* Base */ = {isa = PBXFileReference; lastKnownFileType = file.storyboard; name = Base; path = Base.lproj/LaunchScreen.storyboard; sourceTree = "<group>"; };
		9CE5336625653FEA007AFD64 /* Info.plist */ = {isa = PBXFileReference; lastKnownFileType = text.plist.xml; path = Info.plist; sourceTree = "<group>"; };
		9CE5337125654227007AFD64 /* NameTableViewCell.swift */ = {isa = PBXFileReference; lastKnownFileType = sourcecode.swift; path = NameTableViewCell.swift; sourceTree = "<group>"; };
		9CE5337225654227007AFD64 /* NameTableViewCell.xib */ = {isa = PBXFileReference; lastKnownFileType = file.xib; path = NameTableViewCell.xib; sourceTree = "<group>"; };
		9CE53379256545C6007AFD64 /* RedButton.swift */ = {isa = PBXFileReference; lastKnownFileType = sourcecode.swift; path = RedButton.swift; sourceTree = "<group>"; };
/* End PBXFileReference section */

/* Begin PBXFrameworksBuildPhase section */
		9CE5335225653FE7007AFD64 /* Frameworks */ = {
			isa = PBXFrameworksBuildPhase;
			buildActionMask = 2147483647;
			files = (
			);
			runOnlyForDeploymentPostprocessing = 0;
		};
/* End PBXFrameworksBuildPhase section */

/* Begin PBXGroup section */
		9CE5334C25653FE7007AFD64 = {
			isa = PBXGroup;
			children = (
				9CE5335725653FE7007AFD64 /* 11_18_Xib */,
				9CE5335625653FE7007AFD64 /* Products */,
			);
			sourceTree = "<group>";
		};
		9CE5335625653FE7007AFD64 /* Products */ = {
			isa = PBXGroup;
			children = (
				9CE5335525653FE7007AFD64 /* 11_18_Xib.app */,
			);
			name = Products;
			sourceTree = "<group>";
		};
		9CE5335725653FE7007AFD64 /* 11_18_Xib */ = {
			isa = PBXGroup;
			children = (
				9CE5335825653FE7007AFD64 /* AppDelegate.swift */,
				9CE5335A25653FE7007AFD64 /* SceneDelegate.swift */,
				9CE5335C25653FE7007AFD64 /* ViewController.swift */,
				9CE53379256545C6007AFD64 /* RedButton.swift */,
				9CE5337125654227007AFD64 /* NameTableViewCell.swift */,
				9CE5337225654227007AFD64 /* NameTableViewCell.xib */,
				9CE5335E25653FE7007AFD64 /* Main.storyboard */,
				9CE5336125653FEA007AFD64 /* Assets.xcassets */,
				9CE5336325653FEA007AFD64 /* LaunchScreen.storyboard */,
				9CE5336625653FEA007AFD64 /* Info.plist */,
			);
			path = 11_18_Xib;
			sourceTree = "<group>";
		};
/* End PBXGroup section */

/* Begin PBXNativeTarget section */
		9CE5335425653FE7007AFD64 /* 11_18_Xib */ = {
			isa = PBXNativeTarget;
			buildConfigurationList = 9CE5336925653FEA007AFD64 /* Build configuration list for PBXNativeTarget "11_18_Xib" */;
			buildPhases = (
				9CE5335125653FE7007AFD64 /* Sources */,
				9CE5335225653FE7007AFD64 /* Frameworks */,
				9CE5335325653FE7007AFD64 /* Resources */,
			);
			buildRules = (
			);
			dependencies = (
			);
			name = 11_18_Xib;
			productName = 11_18_Xib;
			productReference = 9CE5335525653FE7007AFD64 /* 11_18_Xib.app */;
			productType = "com.apple.product-type.application";
		};
/* End PBXNativeTarget section */

/* Begin PBXProject section */
		9CE5334D25653FE7007AFD64 /* Project object */ = {
			isa = PBXProject;
			attributes = {
				LastSwiftUpdateCheck = 1220;
				LastUpgradeCheck = 1220;
				TargetAttributes = {
					9CE5335425653FE7007AFD64 = {
						CreatedOnToolsVersion = 12.2;
					};
				};
			};
			buildConfigurationList = 9CE5335025653FE7007AFD64 /* Build configuration list for PBXProject "11_18_Xib" */;
			compatibilityVersion = "Xcode 9.3";
			developmentRegion = en;
			hasScannedForEncodings = 0;
			knownRegions = (
				en,
				Base,
			);
			mainGroup = 9CE5334C25653FE7007AFD64;
			productRefGroup = 9CE5335625653FE7007AFD64 /* Products */;
			projectDirPath = "";
			projectRoot = "";
			targets = (
				9CE5335425653FE7007AFD64 /* 11_18_Xib */,
			);
		};
/* End PBXProject section */

/* Begin PBXResourcesBuildPhase section */
		9CE5335325653FE7007AFD64 /* Resources */ = {
			isa = PBXResourcesBuildPhase;
			buildActionMask = 2147483647;
			files = (
				9CE5336525653FEA007AFD64 /* LaunchScreen.storyboard in Resources */,
				9CE5336225653FEA007AFD64 /* Assets.xcassets in Resources */,
				9CE5337425654227007AFD64 /* NameTableViewCell.xib in Resources */,
				9CE5336025653FE7007AFD64 /* Main.storyboard in Resources */,
			);
			runOnlyForDeploymentPostprocessing = 0;
		};
/* End PBXResourcesBuildPhase section */

/* Begin PBXSourcesBuildPhase section */
		9CE5335125653FE7007AFD64 /* Sources */ = {
			isa = PBXSourcesBuildPhase;
			buildActionMask = 2147483647;
			files = (
				9CE5335D25653FE7007AFD64 /* ViewController.swift in Sources */,
				9CE5335925653FE7007AFD64 /* AppDelegate.swift in Sources */,
				9CE5337325654227007AFD64 /* NameTableViewCell.swift in Sources */,
				9CE5337A256545C6007AFD64 /* RedButton.swift in Sources */,
				9CE5335B25653FE7007AFD64 /* SceneDelegate.swift in Sources */,
			);
			runOnlyForDeploymentPostprocessing = 0;
		};
/* End PBXSourcesBuildPhase section */

/* Begin PBXVariantGroup section */
		9CE5335E25653FE7007AFD64 /* Main.storyboard */ = {
			isa = PBXVariantGroup;
			children = (
				9CE5335F25653FE7007AFD64 /* Base */,
			);
			name = Main.storyboard;
			sourceTree = "<group>";
		};
		9CE5336325653FEA007AFD64 /* LaunchScreen.storyboard */ = {
			isa = PBXVariantGroup;
			children = (
				9CE5336425653FEA007AFD64 /* Base */,
			);
			name = LaunchScreen.storyboard;
			sourceTree = "<group>";
		};
/* End PBXVariantGroup section */

/* Begin XCBuildConfiguration section */
		9CE5336725653FEA007AFD64 /* Debug */ = {
			isa = XCBuildConfiguration;
			buildSettings = {
				ALWAYS_SEARCH_USER_PATHS = NO;
				CLANG_ANALYZER_NONNULL = YES;
				CLANG_ANALYZER_NUMBER_OBJECT_CONVERSION = YES_AGGRESSIVE;
				CLANG_CXX_LANGUAGE_STANDARD = "gnu++14";
				CLANG_CXX_LIBRARY = "libc++";
				CLANG_ENABLE_MODULES = YES;
				CLANG_ENABLE_OBJC_ARC = YES;
				CLANG_ENABLE_OBJC_WEAK = YES;
				CLANG_WARN_BLOCK_CAPTURE_AUTORELEASING = YES;
				CLANG_WARN_BOOL_CONVERSION = YES;
				CLANG_WARN_COMMA = YES;
				CLANG_WARN_CONSTANT_CONVERSION = YES;
				CLANG_WARN_DEPRECATED_OBJC_IMPLEMENTATIONS = YES;
				CLANG_WARN_DIRECT_OBJC_ISA_USAGE = YES_ERROR;
				CLANG_WARN_DOCUMENTATION_COMMENTS = YES;
				CLANG_WARN_EMPTY_BODY = YES;
				CLANG_WARN_ENUM_CONVERSION = YES;
				CLANG_WARN_INFINITE_RECURSION = YES;
				CLANG_WARN_INT_CONVERSION = YES;
				CLANG_WARN_NON_LITERAL_NULL_CONVERSION = YES;
				CLANG_WARN_OBJC_IMPLICIT_RETAIN_SELF = YES;
				CLANG_WARN_OBJC_LITERAL_CONVERSION = YES;
				CLANG_WARN_OBJC_ROOT_CLASS = YES_ERROR;
				CLANG_WARN_QUOTED_INCLUDE_IN_FRAMEWORK_HEADER = YES;
				CLANG_WARN_RANGE_LOOP_ANALYSIS = YES;
				CLANG_WARN_STRICT_PROTOTYPES = YES;
				CLANG_WARN_SUSPICIOUS_MOVE = YES;
				CLANG_WARN_UNGUARDED_AVAILABILITY = YES_AGGRESSIVE;
				CLANG_WARN_UNREACHABLE_CODE = YES;
				CLANG_WARN__DUPLICATE_METHOD_MATCH = YES;
				COPY_PHASE_STRIP = NO;
				DEBUG_INFORMATION_FORMAT = dwarf;
				ENABLE_STRICT_OBJC_MSGSEND = YES;
				ENABLE_TESTABILITY = YES;
				GCC_C_LANGUAGE_STANDARD = gnu11;
				GCC_DYNAMIC_NO_PIC = NO;
				GCC_NO_COMMON_BLOCKS = YES;
				GCC_OPTIMIZATION_LEVEL = 0;
				GCC_PREPROCESSOR_DEFINITIONS = (
					"DEBUG=1",
					"$(inherited)",
				);
				GCC_WARN_64_TO_32_BIT_CONVERSION = YES;
				GCC_WARN_ABOUT_RETURN_TYPE = YES_ERROR;
				GCC_WARN_UNDECLARED_SELECTOR = YES;
				GCC_WARN_UNINITIALIZED_AUTOS = YES_AGGRESSIVE;
				GCC_WARN_UNUSED_FUNCTION = YES;
				GCC_WARN_UNUSED_VARIABLE = YES;
				IPHONEOS_DEPLOYMENT_TARGET = 14.2;
				MTL_ENABLE_DEBUG_INFO = INCLUDE_SOURCE;
				MTL_FAST_MATH = YES;
				ONLY_ACTIVE_ARCH = YES;
				SDKROOT = iphoneos;
				SWIFT_ACTIVE_COMPILATION_CONDITIONS = DEBUG;
				SWIFT_OPTIMIZATION_LEVEL = "-Onone";
			};
			name = Debug;
		};
		9CE5336825653FEA007AFD64 /* Release */ = {
			isa = XCBuildConfiguration;
			buildSettings = {
				ALWAYS_SEARCH_USER_PATHS = NO;
				CLANG_ANALYZER_NONNULL = YES;
				CLANG_ANALYZER_NUMBER_OBJECT_CONVERSION = YES_AGGRESSIVE;
				CLANG_CXX_LANGUAGE_STANDARD = "gnu++14";
				CLANG_CXX_LIBRARY = "libc++";
				CLANG_ENABLE_MODULES = YES;
				CLANG_ENABLE_OBJC_ARC = YES;
				CLANG_ENABLE_OBJC_WEAK = YES;
				CLANG_WARN_BLOCK_CAPTURE_AUTORELEASING = YES;
				CLANG_WARN_BOOL_CONVERSION = YES;
				CLANG_WARN_COMMA = YES;
				CLANG_WARN_CONSTANT_CONVERSION = YES;
				CLANG_WARN_DEPRECATED_OBJC_IMPLEMENTATIONS = YES;
				CLANG_WARN_DIRECT_OBJC_ISA_USAGE = YES_ERROR;
				CLANG_WARN_DOCUMENTATION_COMMENTS = YES;
				CLANG_WARN_EMPTY_BODY = YES;
				CLANG_WARN_ENUM_CONVERSION = YES;
				CLANG_WARN_INFINITE_RECURSION = YES;
				CLANG_WARN_INT_CONVERSION = YES;
				CLANG_WARN_NON_LITERAL_NULL_CONVERSION = YES;
				CLANG_WARN_OBJC_IMPLICIT_RETAIN_SELF = YES;
				CLANG_WARN_OBJC_LITERAL_CONVERSION = YES;
				CLANG_WARN_OBJC_ROOT_CLASS = YES_ERROR;
				CLANG_WARN_QUOTED_INCLUDE_IN_FRAMEWORK_HEADER = YES;
				CLANG_WARN_RANGE_LOOP_ANALYSIS = YES;
				CLANG_WARN_STRICT_PROTOTYPES = YES;
				CLANG_WARN_SUSPICIOUS_MOVE = YES;
				CLANG_WARN_UNGUARDED_AVAILABILITY = YES_AGGRESSIVE;
				CLANG_WARN_UNREACHABLE_CODE = YES;
				CLANG_WARN__DUPLICATE_METHOD_MATCH = YES;
				COPY_PHASE_STRIP = NO;
				DEBUG_INFORMATION_FORMAT = "dwarf-with-dsym";
				ENABLE_NS_ASSERTIONS = NO;
				ENABLE_STRICT_OBJC_MSGSEND = YES;
				GCC_C_LANGUAGE_STANDARD = gnu11;
				GCC_NO_COMMON_BLOCKS = YES;
				GCC_WARN_64_TO_32_BIT_CONVERSION = YES;
				GCC_WARN_ABOUT_RETURN_TYPE = YES_ERROR;
				GCC_WARN_UNDECLARED_SELECTOR = YES;
				GCC_WARN_UNINITIALIZED_AUTOS = YES_AGGRESSIVE;
				GCC_WARN_UNUSED_FUNCTION = YES;
				GCC_WARN_UNUSED_VARIABLE = YES;
				IPHONEOS_DEPLOYMENT_TARGET = 14.2;
				MTL_ENABLE_DEBUG_INFO = NO;
				MTL_FAST_MATH = YES;
				SDKROOT = iphoneos;
				SWIFT_COMPILATION_MODE = wholemodule;
				SWIFT_OPTIMIZATION_LEVEL = "-O";
				VALIDATE_PRODUCT = YES;
			};
			name = Release;
		};
		9CE5336A25653FEA007AFD64 /* Debug */ = {
			isa = XCBuildConfiguration;
			buildSettings = {
				ASSETCATALOG_COMPILER_APPICON_NAME = AppIcon;
				ASSETCATALOG_COMPILER_GLOBAL_ACCENT_COLOR_NAME = AccentColor;
				CODE_SIGN_STYLE = Automatic;
				DEVELOPMENT_TEAM = HQKT5G7NHC;
				INFOPLIST_FILE = 11_18_Xib/Info.plist;
				LD_RUNPATH_SEARCH_PATHS = (
					"$(inherited)",
					"@executable_path/Frameworks",
				);
				PRODUCT_BUNDLE_IDENTIFIER = "com.nam.-1-18-Xib";
				PRODUCT_NAME = "$(TARGET_NAME)";
				SWIFT_VERSION = 5.0;
				TARGETED_DEVICE_FAMILY = "1,2";
			};
			name = Debug;
		};
		9CE5336B25653FEA007AFD64 /* Release */ = {
			isa = XCBuildConfiguration;
			buildSettings = {
				ASSETCATALOG_COMPILER_APPICON_NAME = AppIcon;
				ASSETCATALOG_COMPILER_GLOBAL_ACCENT_COLOR_NAME = AccentColor;
				CODE_SIGN_STYLE = Automatic;
				DEVELOPMENT_TEAM = HQKT5G7NHC;
				INFOPLIST_FILE = 11_18_Xib/Info.plist;
				LD_RUNPATH_SEARCH_PATHS = (
					"$(inherited)",
					"@executable_path/Frameworks",
				);
				PRODUCT_BUNDLE_IDENTIFIER = "com.nam.-1-18-Xib";
				PRODUCT_NAME = "$(TARGET_NAME)";
				SWIFT_VERSION = 5.0;
				TARGETED_DEVICE_FAMILY = "1,2";
			};
			name = Release;
		};
/* End XCBuildConfiguration section */

/* Begin XCConfigurationList section */
		9CE5335025653FE7007AFD64 /* Build configuration list for PBXProject "11_18_Xib" */ = {
			isa = XCConfigurationList;
			buildConfigurations = (
				9CE5336725653FEA007AFD64 /* Debug */,
				9CE5336825653FEA007AFD64 /* Release */,
			);
			defaultConfigurationIsVisible = 0;
			defaultConfigurationName = Release;
		};
		9CE5336925653FEA007AFD64 /* Build configuration list for PBXNativeTarget "11_18_Xib" */ = {
			isa = XCConfigurationList;
			buildConfigurations = (
				9CE5336A25653FEA007AFD64 /* Debug */,
				9CE5336B25653FEA007AFD64 /* Release */,
			);
			defaultConfigurationIsVisible = 0;
			defaultConfigurationName = Release;
		};
/* End XCConfigurationList section */
	};
	rootObject = 9CE5334D25653FE7007AFD64 /* Project object */;
}
