// !$*UTF8*$!
{
	archiveVersion = 1;
	classes = {
	};
	objectVersion = 50;
	objects = {

/* Begin PBXBuildFile section */
		9C25103D251B8A8800C83A78 /* AppDelegate.swift in Sources */ = {isa = PBXBuildFile; fileRef = 9C25103C251B8A8800C83A78 /* AppDelegate.swift */; };
		9C25103F251B8A8800C83A78 /* SceneDelegate.swift in Sources */ = {isa = PBXBuildFile; fileRef = 9C25103E251B8A8800C83A78 /* SceneDelegate.swift */; };
		9C251041251B8A8800C83A78 /* ViewController.swift in Sources */ = {isa = PBXBuildFile; fileRef = 9C251040251B8A8800C83A78 /* ViewController.swift */; };
		9C251044251B8A8800C83A78 /* Main.storyboard in Resources */ = {isa = PBXBuildFile; fileRef = 9C251042251B8A8800C83A78 /* Main.storyboard */; };
		9C251046251B8A8B00C83A78 /* Assets.xcassets in Resources */ = {isa = PBXBuildFile; fileRef = 9C251045251B8A8B00C83A78 /* Assets.xcassets */; };
		9C251049251B8A8B00C83A78 /* LaunchScreen.storyboard in Resources */ = {isa = PBXBuildFile; fileRef = 9C251047251B8A8B00C83A78 /* LaunchScreen.storyboard */; };
		9C251054251B8AD200C83A78 /* HeroListViewController.swift in Sources */ = {isa = PBXBuildFile; fileRef = 9C251053251B8AD200C83A78 /* HeroListViewController.swift */; };
		9C251057251B8AF300C83A78 /* HeroList.storyboard in Resources */ = {isa = PBXBuildFile; fileRef = 9C251056251B8AF300C83A78 /* HeroList.storyboard */; };
		9C25105A251B8B8A00C83A78 /* HeroDetailViewController.swift in Sources */ = {isa = PBXBuildFile; fileRef = 9C251059251B8B8A00C83A78 /* HeroDetailViewController.swift */; };
		9C25105D251B8BA200C83A78 /* HeroDetail.storyboard in Resources */ = {isa = PBXBuildFile; fileRef = 9C25105C251B8BA200C83A78 /* HeroDetail.storyboard */; };
/* End PBXBuildFile section */

/* Begin PBXFileReference section */
		9C251039251B8A8800C83A78 /* ReviewMyViews.app */ = {isa = PBXFileReference; explicitFileType = wrapper.application; includeInIndex = 0; path = ReviewMyViews.app; sourceTree = BUILT_PRODUCTS_DIR; };
		9C25103C251B8A8800C83A78 /* AppDelegate.swift */ = {isa = PBXFileReference; lastKnownFileType = sourcecode.swift; path = AppDelegate.swift; sourceTree = "<group>"; };
		9C25103E251B8A8800C83A78 /* SceneDelegate.swift */ = {isa = PBXFileReference; lastKnownFileType = sourcecode.swift; path = SceneDelegate.swift; sourceTree = "<group>"; };
		9C251040251B8A8800C83A78 /* ViewController.swift */ = {isa = PBXFileReference; lastKnownFileType = sourcecode.swift; path = ViewController.swift; sourceTree = "<group>"; };
		9C251043251B8A8800C83A78 /* Base */ = {isa = PBXFileReference; lastKnownFileType = file.storyboard; name = Base; path = Base.lproj/Main.storyboard; sourceTree = "<group>"; };
		9C251045251B8A8B00C83A78 /* Assets.xcassets */ = {isa = PBXFileReference; lastKnownFileType = folder.assetcatalog; path = Assets.xcassets; sourceTree = "<group>"; };
		9C251048251B8A8B00C83A78 /* Base */ = {isa = PBXFileReference; lastKnownFileType = file.storyboard; name = Base; path = Base.lproj/LaunchScreen.storyboard; sourceTree = "<group>"; };
		9C25104A251B8A8B00C83A78 /* Info.plist */ = {isa = PBXFileReference; lastKnownFileType = text.plist.xml; path = Info.plist; sourceTree = "<group>"; };
		9C251053251B8AD200C83A78 /* HeroListViewController.swift */ = {isa = PBXFileReference; lastKnownFileType = sourcecode.swift; path = HeroListViewController.swift; sourceTree = "<group>"; };
		9C251056251B8AF300C83A78 /* HeroList.storyboard */ = {isa = PBXFileReference; lastKnownFileType = file.storyboard; path = HeroList.storyboard; sourceTree = "<group>"; };
		9C251059251B8B8A00C83A78 /* HeroDetailViewController.swift */ = {isa = PBXFileReference; lastKnownFileType = sourcecode.swift; path = HeroDetailViewController.swift; sourceTree = "<group>"; };
		9C25105C251B8BA200C83A78 /* HeroDetail.storyboard */ = {isa = PBXFileReference; lastKnownFileType = file.storyboard; path = HeroDetail.storyboard; sourceTree = "<group>"; };
/* End PBXFileReference section */

/* Begin PBXFrameworksBuildPhase section */
		9C251036251B8A8800C83A78 /* Frameworks */ = {
			isa = PBXFrameworksBuildPhase;
			buildActionMask = 2147483647;
			files = (
			);
			runOnlyForDeploymentPostprocessing = 0;
		};
/* End PBXFrameworksBuildPhase section */

/* Begin PBXGroup section */
		9C251030251B8A8800C83A78 = {
			isa = PBXGroup;
			children = (
				9C25103B251B8A8800C83A78 /* ReviewMyViews */,
				9C25103A251B8A8800C83A78 /* Products */,
			);
			sourceTree = "<group>";
		};
		9C25103A251B8A8800C83A78 /* Products */ = {
			isa = PBXGroup;
			children = (
				9C251039251B8A8800C83A78 /* ReviewMyViews.app */,
			);
			name = Products;
			sourceTree = "<group>";
		};
		9C25103B251B8A8800C83A78 /* ReviewMyViews */ = {
			isa = PBXGroup;
			children = (
				9C251051251B8A9C00C83A78 /* HeroList */,
				9C251052251B8AAF00C83A78 /* HeroDetail */,
				9C25103C251B8A8800C83A78 /* AppDelegate.swift */,
				9C25103E251B8A8800C83A78 /* SceneDelegate.swift */,
				9C251040251B8A8800C83A78 /* ViewController.swift */,
				9C251042251B8A8800C83A78 /* Main.storyboard */,
				9C251045251B8A8B00C83A78 /* Assets.xcassets */,
				9C251047251B8A8B00C83A78 /* LaunchScreen.storyboard */,
				9C25104A251B8A8B00C83A78 /* Info.plist */,
			);
			path = ReviewMyViews;
			sourceTree = "<group>";
		};
		9C251051251B8A9C00C83A78 /* HeroList */ = {
			isa = PBXGroup;
			children = (
				9C251053251B8AD200C83A78 /* HeroListViewController.swift */,
				9C251056251B8AF300C83A78 /* HeroList.storyboard */,
			);
			path = HeroList;
			sourceTree = "<group>";
		};
		9C251052251B8AAF00C83A78 /* HeroDetail */ = {
			isa = PBXGroup;
			children = (
				9C251059251B8B8A00C83A78 /* HeroDetailViewController.swift */,
				9C25105C251B8BA200C83A78 /* HeroDetail.storyboard */,
			);
			path = HeroDetail;
			sourceTree = "<group>";
		};
/* End PBXGroup section */

/* Begin PBXNativeTarget section */
		9C251038251B8A8800C83A78 /* ReviewMyViews */ = {
			isa = PBXNativeTarget;
			buildConfigurationList = 9C25104D251B8A8B00C83A78 /* Build configuration list for PBXNativeTarget "ReviewMyViews" */;
			buildPhases = (
				9C251035251B8A8800C83A78 /* Sources */,
				9C251036251B8A8800C83A78 /* Frameworks */,
				9C251037251B8A8800C83A78 /* Resources */,
			);
			buildRules = (
			);
			dependencies = (
			);
			name = ReviewMyViews;
			productName = ReviewMyViews;
			productReference = 9C251039251B8A8800C83A78 /* ReviewMyViews.app */;
			productType = "com.apple.product-type.application";
		};
/* End PBXNativeTarget section */

/* Begin PBXProject section */
		9C251031251B8A8800C83A78 /* Project object */ = {
			isa = PBXProject;
			attributes = {
				LastSwiftUpdateCheck = 1200;
				LastUpgradeCheck = 1200;
				TargetAttributes = {
					9C251038251B8A8800C83A78 = {
						CreatedOnToolsVersion = 12.0;
					};
				};
			};
			buildConfigurationList = 9C251034251B8A8800C83A78 /* Build configuration list for PBXProject "ReviewMyViews" */;
			compatibilityVersion = "Xcode 9.3";
			developmentRegion = en;
			hasScannedForEncodings = 0;
			knownRegions = (
				en,
				Base,
			);
			mainGroup = 9C251030251B8A8800C83A78;
			productRefGroup = 9C25103A251B8A8800C83A78 /* Products */;
			projectDirPath = "";
			projectRoot = "";
			targets = (
				9C251038251B8A8800C83A78 /* ReviewMyViews */,
			);
		};
/* End PBXProject section */

/* Begin PBXResourcesBuildPhase section */
		9C251037251B8A8800C83A78 /* Resources */ = {
			isa = PBXResourcesBuildPhase;
			buildActionMask = 2147483647;
			files = (
				9C25105D251B8BA200C83A78 /* HeroDetail.storyboard in Resources */,
				9C251057251B8AF300C83A78 /* HeroList.storyboard in Resources */,
				9C251049251B8A8B00C83A78 /* LaunchScreen.storyboard in Resources */,
				9C251046251B8A8B00C83A78 /* Assets.xcassets in Resources */,
				9C251044251B8A8800C83A78 /* Main.storyboard in Resources */,
			);
			runOnlyForDeploymentPostprocessing = 0;
		};
/* End PBXResourcesBuildPhase section */

/* Begin PBXSourcesBuildPhase section */
		9C251035251B8A8800C83A78 /* Sources */ = {
			isa = PBXSourcesBuildPhase;
			buildActionMask = 2147483647;
			files = (
				9C251054251B8AD200C83A78 /* HeroListViewController.swift in Sources */,
				9C25105A251B8B8A00C83A78 /* HeroDetailViewController.swift in Sources */,
				9C251041251B8A8800C83A78 /* ViewController.swift in Sources */,
				9C25103D251B8A8800C83A78 /* AppDelegate.swift in Sources */,
				9C25103F251B8A8800C83A78 /* SceneDelegate.swift in Sources */,
			);
			runOnlyForDeploymentPostprocessing = 0;
		};
/* End PBXSourcesBuildPhase section */

/* Begin PBXVariantGroup section */
		9C251042251B8A8800C83A78 /* Main.storyboard */ = {
			isa = PBXVariantGroup;
			children = (
				9C251043251B8A8800C83A78 /* Base */,
			);
			name = Main.storyboard;
			sourceTree = "<group>";
		};
		9C251047251B8A8B00C83A78 /* LaunchScreen.storyboard */ = {
			isa = PBXVariantGroup;
			children = (
				9C251048251B8A8B00C83A78 /* Base */,
			);
			name = LaunchScreen.storyboard;
			sourceTree = "<group>";
		};
/* End PBXVariantGroup section */

/* Begin XCBuildConfiguration section */
		9C25104B251B8A8B00C83A78 /* Debug */ = {
			isa = XCBuildConfiguration;
			buildSettings = {
				ALWAYS_SEARCH_USER_PATHS = NO;
				CLANG_ANALYZER_NONNULL = YES;
				CLANG_ANALYZER_NUMBER_OBJECT_CONVERSION = YES_AGGRESSIVE;
				CLANG_CXX_LANGUAGE_STANDARD = "gnu++14";
				CLANG_CXX_LIBRARY = "libc++";
				CLANG_ENABLE_MODULES = YES;
				CLANG_ENABLE_OBJC_ARC = YES;
				CLANG_ENABLE_OBJC_WEAK = YES;
				CLANG_WARN_BLOCK_CAPTURE_AUTORELEASING = YES;
				CLANG_WARN_BOOL_CONVERSION = YES;
				CLANG_WARN_COMMA = YES;
				CLANG_WARN_CONSTANT_CONVERSION = YES;
				CLANG_WARN_DEPRECATED_OBJC_IMPLEMENTATIONS = YES;
				CLANG_WARN_DIRECT_OBJC_ISA_USAGE = YES_ERROR;
				CLANG_WARN_DOCUMENTATION_COMMENTS = YES;
				CLANG_WARN_EMPTY_BODY = YES;
				CLANG_WARN_ENUM_CONVERSION = YES;
				CLANG_WARN_INFINITE_RECURSION = YES;
				CLANG_WARN_INT_CONVERSION = YES;
				CLANG_WARN_NON_LITERAL_NULL_CONVERSION = YES;
				CLANG_WARN_OBJC_IMPLICIT_RETAIN_SELF = YES;
				CLANG_WARN_OBJC_LITERAL_CONVERSION = YES;
				CLANG_WARN_OBJC_ROOT_CLASS = YES_ERROR;
				CLANG_WARN_QUOTED_INCLUDE_IN_FRAMEWORK_HEADER = YES;
				CLANG_WARN_RANGE_LOOP_ANALYSIS = YES;
				CLANG_WARN_STRICT_PROTOTYPES = YES;
				CLANG_WARN_SUSPICIOUS_MOVE = YES;
				CLANG_WARN_UNGUARDED_AVAILABILITY = YES_AGGRESSIVE;
				CLANG_WARN_UNREACHABLE_CODE = YES;
				CLANG_WARN__DUPLICATE_METHOD_MATCH = YES;
				COPY_PHASE_STRIP = NO;
				DEBUG_INFORMATION_FORMAT = dwarf;
				ENABLE_STRICT_OBJC_MSGSEND = YES;
				ENABLE_TESTABILITY = YES;
				GCC_C_LANGUAGE_STANDARD = gnu11;
				GCC_DYNAMIC_NO_PIC = NO;
				GCC_NO_COMMON_BLOCKS = YES;
				GCC_OPTIMIZATION_LEVEL = 0;
				GCC_PREPROCESSOR_DEFINITIONS = (
					"DEBUG=1",
					"$(inherited)",
				);
				GCC_WARN_64_TO_32_BIT_CONVERSION = YES;
				GCC_WARN_ABOUT_RETURN_TYPE = YES_ERROR;
				GCC_WARN_UNDECLARED_SELECTOR = YES;
				GCC_WARN_UNINITIALIZED_AUTOS = YES_AGGRESSIVE;
				GCC_WARN_UNUSED_FUNCTION = YES;
				GCC_WARN_UNUSED_VARIABLE = YES;
				IPHONEOS_DEPLOYMENT_TARGET = 14.0;
				MTL_ENABLE_DEBUG_INFO = INCLUDE_SOURCE;
				MTL_FAST_MATH = YES;
				ONLY_ACTIVE_ARCH = YES;
				SDKROOT = iphoneos;
				SWIFT_ACTIVE_COMPILATION_CONDITIONS = DEBUG;
				SWIFT_OPTIMIZATION_LEVEL = "-Onone";
			};
			name = Debug;
		};
		9C25104C251B8A8B00C83A78 /* Release */ = {
			isa = XCBuildConfiguration;
			buildSettings = {
				ALWAYS_SEARCH_USER_PATHS = NO;
				CLANG_ANALYZER_NONNULL = YES;
				CLANG_ANALYZER_NUMBER_OBJECT_CONVERSION = YES_AGGRESSIVE;
				CLANG_CXX_LANGUAGE_STANDARD = "gnu++14";
				CLANG_CXX_LIBRARY = "libc++";
				CLANG_ENABLE_MODULES = YES;
				CLANG_ENABLE_OBJC_ARC = YES;
				CLANG_ENABLE_OBJC_WEAK = YES;
				CLANG_WARN_BLOCK_CAPTURE_AUTORELEASING = YES;
				CLANG_WARN_BOOL_CONVERSION = YES;
				CLANG_WARN_COMMA = YES;
				CLANG_WARN_CONSTANT_CONVERSION = YES;
				CLANG_WARN_DEPRECATED_OBJC_IMPLEMENTATIONS = YES;
				CLANG_WARN_DIRECT_OBJC_ISA_USAGE = YES_ERROR;
				CLANG_WARN_DOCUMENTATION_COMMENTS = YES;
				CLANG_WARN_EMPTY_BODY = YES;
				CLANG_WARN_ENUM_CONVERSION = YES;
				CLANG_WARN_INFINITE_RECURSION = YES;
				CLANG_WARN_INT_CONVERSION = YES;
				CLANG_WARN_NON_LITERAL_NULL_CONVERSION = YES;
				CLANG_WARN_OBJC_IMPLICIT_RETAIN_SELF = YES;
				CLANG_WARN_OBJC_LITERAL_CONVERSION = YES;
				CLANG_WARN_OBJC_ROOT_CLASS = YES_ERROR;
				CLANG_WARN_QUOTED_INCLUDE_IN_FRAMEWORK_HEADER = YES;
				CLANG_WARN_RANGE_LOOP_ANALYSIS = YES;
				CLANG_WARN_STRICT_PROTOTYPES = YES;
				CLANG_WARN_SUSPICIOUS_MOVE = YES;
				CLANG_WARN_UNGUARDED_AVAILABILITY = YES_AGGRESSIVE;
				CLANG_WARN_UNREACHABLE_CODE = YES;
				CLANG_WARN__DUPLICATE_METHOD_MATCH = YES;
				COPY_PHASE_STRIP = NO;
				DEBUG_INFORMATION_FORMAT = "dwarf-with-dsym";
				ENABLE_NS_ASSERTIONS = NO;
				ENABLE_STRICT_OBJC_MSGSEND = YES;
				GCC_C_LANGUAGE_STANDARD = gnu11;
				GCC_NO_COMMON_BLOCKS = YES;
				GCC_WARN_64_TO_32_BIT_CONVERSION = YES;
				GCC_WARN_ABOUT_RETURN_TYPE = YES_ERROR;
				GCC_WARN_UNDECLARED_SELECTOR = YES;
				GCC_WARN_UNINITIALIZED_AUTOS = YES_AGGRESSIVE;
				GCC_WARN_UNUSED_FUNCTION = YES;
				GCC_WARN_UNUSED_VARIABLE = YES;
				IPHONEOS_DEPLOYMENT_TARGET = 14.0;
				MTL_ENABLE_DEBUG_INFO = NO;
				MTL_FAST_MATH = YES;
				SDKROOT = iphoneos;
				SWIFT_COMPILATION_MODE = wholemodule;
				SWIFT_OPTIMIZATION_LEVEL = "-O";
				VALIDATE_PRODUCT = YES;
			};
			name = Release;
		};
		9C25104E251B8A8B00C83A78 /* Debug */ = {
			isa = XCBuildConfiguration;
			buildSettings = {
				ASSETCATALOG_COMPILER_APPICON_NAME = AppIcon;
				ASSETCATALOG_COMPILER_GLOBAL_ACCENT_COLOR_NAME = AccentColor;
				CODE_SIGN_STYLE = Automatic;
				DEVELOPMENT_TEAM = HQKT5G7NHC;
				INFOPLIST_FILE = ReviewMyViews/Info.plist;
				LD_RUNPATH_SEARCH_PATHS = (
					"$(inherited)",
					"@executable_path/Frameworks",
				);
				PRODUCT_BUNDLE_IDENTIFIER = com.nam.ReviewMyViews;
				PRODUCT_NAME = "$(TARGET_NAME)";
				SWIFT_VERSION = 5.0;
				TARGETED_DEVICE_FAMILY = "1,2";
			};
			name = Debug;
		};
		9C25104F251B8A8B00C83A78 /* Release */ = {
			isa = XCBuildConfiguration;
			buildSettings = {
				ASSETCATALOG_COMPILER_APPICON_NAME = AppIcon;
				ASSETCATALOG_COMPILER_GLOBAL_ACCENT_COLOR_NAME = AccentColor;
				CODE_SIGN_STYLE = Automatic;
				DEVELOPMENT_TEAM = HQKT5G7NHC;
				INFOPLIST_FILE = ReviewMyViews/Info.plist;
				LD_RUNPATH_SEARCH_PATHS = (
					"$(inherited)",
					"@executable_path/Frameworks",
				);
				PRODUCT_BUNDLE_IDENTIFIER = com.nam.ReviewMyViews;
				PRODUCT_NAME = "$(TARGET_NAME)";
				SWIFT_VERSION = 5.0;
				TARGETED_DEVICE_FAMILY = "1,2";
			};
			name = Release;
		};
/* End XCBuildConfiguration section */

/* Begin XCConfigurationList section */
		9C251034251B8A8800C83A78 /* Build configuration list for PBXProject "ReviewMyViews" */ = {
			isa = XCConfigurationList;
			buildConfigurations = (
				9C25104B251B8A8B00C83A78 /* Debug */,
				9C25104C251B8A8B00C83A78 /* Release */,
			);
			defaultConfigurationIsVisible = 0;
			defaultConfigurationName = Release;
		};
		9C25104D251B8A8B00C83A78 /* Build configuration list for PBXNativeTarget "ReviewMyViews" */ = {
			isa = XCConfigurationList;
			buildConfigurations = (
				9C25104E251B8A8B00C83A78 /* Debug */,
				9C25104F251B8A8B00C83A78 /* Release */,
			);
			defaultConfigurationIsVisible = 0;
			defaultConfigurationName = Release;
		};
/* End XCConfigurationList section */
	};
	rootObject = 9C251031251B8A8800C83A78 /* Project object */;
}
